// !$*UTF8*$!
{
	archiveVersion = 1;
	classes = {
	};
	objectVersion = 46;
	objects = {

/* Begin PBXBuildFile section */
		BB1054041E85421600AEA410 /* main.m in Sources */ = {isa = PBXBuildFile; fileRef = BB1054031E85421600AEA410 /* main.m */; };
		BB1054071E85421600AEA410 /* AppDelegate.m in Sources */ = {isa = PBXBuildFile; fileRef = BB1054061E85421600AEA410 /* AppDelegate.m */; };
		BB10540A1E85421600AEA410 /* ViewController.m in Sources */ = {isa = PBXBuildFile; fileRef = BB1054091E85421600AEA410 /* ViewController.m */; };
		BB10540D1E85421600AEA410 /* Main.storyboard in Resources */ = {isa = PBXBuildFile; fileRef = BB10540B1E85421600AEA410 /* Main.storyboard */; };
		BB1054121E85421600AEA410 /* LaunchScreen.storyboard in Resources */ = {isa = PBXBuildFile; fileRef = BB1054101E85421600AEA410 /* LaunchScreen.storyboard */; };
		BB10541D1E85421700AEA410 /* HelpNowTests.m in Sources */ = {isa = PBXBuildFile; fileRef = BB10541C1E85421700AEA410 /* HelpNowTests.m */; };
		BB1054281E85421700AEA410 /* HelpNowUITests.m in Sources */ = {isa = PBXBuildFile; fileRef = BB1054271E85421700AEA410 /* HelpNowUITests.m */; };
		BB1054371E8544A300AEA410 /* users.xcdatamodeld in Sources */ = {isa = PBXBuildFile; fileRef = BB1054351E8544A300AEA410 /* users.xcdatamodeld */; };
		BB10543A1E8545C400AEA410 /* users.swift in Sources */ = {isa = PBXBuildFile; fileRef = BB1054391E8545C400AEA410 /* users.swift */; };
		BB4D81791E899DDC00E7D060 /* helpnowcover.jpg in Resources */ = {isa = PBXBuildFile; fileRef = BB4D81781E899DDC00E7D060 /* helpnowcover.jpg */; };
		BB4D817B1E899DF300E7D060 /* HelpNowlogo1.png in Resources */ = {isa = PBXBuildFile; fileRef = BB4D817A1E899DF300E7D060 /* HelpNowlogo1.png */; };
		BB4D817D1E899E0400E7D060 /* helpnowlogo2.png in Resources */ = {isa = PBXBuildFile; fileRef = BB4D817C1E899E0400E7D060 /* helpnowlogo2.png */; };
		BB4D81981E89A3B900E7D060 /* NSObject+SBJson.m in Sources */ = {isa = PBXBuildFile; fileRef = BB4D81801E89A3B900E7D060 /* NSObject+SBJson.m */; };
		BB4D81991E89A3B900E7D060 /* SBJsonParser.m in Sources */ = {isa = PBXBuildFile; fileRef = BB4D81831E89A3B900E7D060 /* SBJsonParser.m */; };
		BB4D819A1E89A3B900E7D060 /* SBJsonStreamParser.m in Sources */ = {isa = PBXBuildFile; fileRef = BB4D81851E89A3B900E7D060 /* SBJsonStreamParser.m */; };
		BB4D819B1E89A3B900E7D060 /* SBJsonStreamParserAccumulator.m in Sources */ = {isa = PBXBuildFile; fileRef = BB4D81871E89A3B900E7D060 /* SBJsonStreamParserAccumulator.m */; };
		BB4D819C1E89A3B900E7D060 /* SBJsonStreamParserAdapter.m in Sources */ = {isa = PBXBuildFile; fileRef = BB4D81891E89A3B900E7D060 /* SBJsonStreamParserAdapter.m */; };
		BB4D819D1E89A3B900E7D060 /* SBJsonStreamParserState.m in Sources */ = {isa = PBXBuildFile; fileRef = BB4D818B1E89A3B900E7D060 /* SBJsonStreamParserState.m */; };
		BB4D819E1E89A3B900E7D060 /* SBJsonStreamWriter.m in Sources */ = {isa = PBXBuildFile; fileRef = BB4D818D1E89A3B900E7D060 /* SBJsonStreamWriter.m */; };
		BB4D819F1E89A3B900E7D060 /* SBJsonStreamWriterAccumulator.m in Sources */ = {isa = PBXBuildFile; fileRef = BB4D818F1E89A3B900E7D060 /* SBJsonStreamWriterAccumulator.m */; };
		BB4D81A01E89A3B900E7D060 /* SBJsonStreamWriterState.m in Sources */ = {isa = PBXBuildFile; fileRef = BB4D81911E89A3B900E7D060 /* SBJsonStreamWriterState.m */; };
		BB4D81A11E89A3B900E7D060 /* SBJsonTokeniser.m in Sources */ = {isa = PBXBuildFile; fileRef = BB4D81931E89A3B900E7D060 /* SBJsonTokeniser.m */; };
		BB4D81A21E89A3B900E7D060 /* SBJsonUTF8Stream.m in Sources */ = {isa = PBXBuildFile; fileRef = BB4D81951E89A3B900E7D060 /* SBJsonUTF8Stream.m */; };
		BB4D81A31E89A3B900E7D060 /* SBJsonWriter.m in Sources */ = {isa = PBXBuildFile; fileRef = BB4D81971E89A3B900E7D060 /* SBJsonWriter.m */; };
		BB57B8681E924E97002C4BC7 /* Images.xcassets in Resources */ = {isa = PBXBuildFile; fileRef = BB57B8671E924E97002C4BC7 /* Images.xcassets */; };
		BB57B8811E925416002C4BC7 /* Contents.json in Resources */ = {isa = PBXBuildFile; fileRef = BB57B86A1E925416002C4BC7 /* Contents.json */; };
		BB57B8821E925416002C4BC7 /* Icon-App-20x20@1x.png in Resources */ = {isa = PBXBuildFile; fileRef = BB57B86B1E925416002C4BC7 /* Icon-App-20x20@1x.png */; };
		BB57B8831E925416002C4BC7 /* Icon-App-20x20@2x.png in Resources */ = {isa = PBXBuildFile; fileRef = BB57B86C1E925416002C4BC7 /* Icon-App-20x20@2x.png */; };
		BB57B8841E925416002C4BC7 /* Icon-App-20x20@3x.png in Resources */ = {isa = PBXBuildFile; fileRef = BB57B86D1E925416002C4BC7 /* Icon-App-20x20@3x.png */; };
		BB57B8851E925416002C4BC7 /* Icon-App-29x29@1x.png in Resources */ = {isa = PBXBuildFile; fileRef = BB57B86E1E925416002C4BC7 /* Icon-App-29x29@1x.png */; };
		BB57B8861E925416002C4BC7 /* Icon-App-29x29@2x.png in Resources */ = {isa = PBXBuildFile; fileRef = BB57B86F1E925416002C4BC7 /* Icon-App-29x29@2x.png */; };
		BB57B8871E925416002C4BC7 /* Icon-App-29x29@3x.png in Resources */ = {isa = PBXBuildFile; fileRef = BB57B8701E925416002C4BC7 /* Icon-App-29x29@3x.png */; };
		BB57B8881E925416002C4BC7 /* Icon-App-40x40@1x.png in Resources */ = {isa = PBXBuildFile; fileRef = BB57B8711E925416002C4BC7 /* Icon-App-40x40@1x.png */; };
		BB57B8891E925416002C4BC7 /* Icon-App-40x40@2x.png in Resources */ = {isa = PBXBuildFile; fileRef = BB57B8721E925416002C4BC7 /* Icon-App-40x40@2x.png */; };
		BB57B88A1E925416002C4BC7 /* Icon-App-40x40@3x.png in Resources */ = {isa = PBXBuildFile; fileRef = BB57B8731E925416002C4BC7 /* Icon-App-40x40@3x.png */; };
		BB57B88B1E925416002C4BC7 /* Icon-App-57x57@1x.png in Resources */ = {isa = PBXBuildFile; fileRef = BB57B8741E925416002C4BC7 /* Icon-App-57x57@1x.png */; };
		BB57B88C1E925416002C4BC7 /* Icon-App-57x57@2x.png in Resources */ = {isa = PBXBuildFile; fileRef = BB57B8751E925416002C4BC7 /* Icon-App-57x57@2x.png */; };
		BB57B88D1E925416002C4BC7 /* Icon-App-60x60@1x.png in Resources */ = {isa = PBXBuildFile; fileRef = BB57B8761E925416002C4BC7 /* Icon-App-60x60@1x.png */; };
		BB57B88E1E925416002C4BC7 /* Icon-App-60x60@2x.png in Resources */ = {isa = PBXBuildFile; fileRef = BB57B8771E925416002C4BC7 /* Icon-App-60x60@2x.png */; };
		BB57B88F1E925416002C4BC7 /* Icon-App-60x60@3x.png in Resources */ = {isa = PBXBuildFile; fileRef = BB57B8781E925416002C4BC7 /* Icon-App-60x60@3x.png */; };
		BB57B8901E925416002C4BC7 /* Icon-App-72x72@1x.png in Resources */ = {isa = PBXBuildFile; fileRef = BB57B8791E925416002C4BC7 /* Icon-App-72x72@1x.png */; };
		BB57B8911E925416002C4BC7 /* Icon-App-72x72@2x.png in Resources */ = {isa = PBXBuildFile; fileRef = BB57B87A1E925416002C4BC7 /* Icon-App-72x72@2x.png */; };
		BB57B8921E925416002C4BC7 /* Icon-App-76x76@1x.png in Resources */ = {isa = PBXBuildFile; fileRef = BB57B87B1E925416002C4BC7 /* Icon-App-76x76@1x.png */; };
		BB57B8931E925416002C4BC7 /* Icon-App-76x76@2x.png in Resources */ = {isa = PBXBuildFile; fileRef = BB57B87C1E925416002C4BC7 /* Icon-App-76x76@2x.png */; };
		BB57B8941E925416002C4BC7 /* Icon-App-76x76@3x.png in Resources */ = {isa = PBXBuildFile; fileRef = BB57B87D1E925416002C4BC7 /* Icon-App-76x76@3x.png */; };
		BB57B8951E925416002C4BC7 /* Icon-App-83.5x83.5@2x.png in Resources */ = {isa = PBXBuildFile; fileRef = BB57B87E1E925416002C4BC7 /* Icon-App-83.5x83.5@2x.png */; };
		BB57B8961E925416002C4BC7 /* Icon-Small-50x50@1x.png in Resources */ = {isa = PBXBuildFile; fileRef = BB57B87F1E925416002C4BC7 /* Icon-Small-50x50@1x.png */; };
		BB57B8971E925416002C4BC7 /* Icon-Small-50x50@2x.png in Resources */ = {isa = PBXBuildFile; fileRef = BB57B8801E925416002C4BC7 /* Icon-Small-50x50@2x.png */; };
		BB57B89A1E92590C002C4BC7 /* SearchResultsViewController.m in Sources */ = {isa = PBXBuildFile; fileRef = BB57B8991E92590C002C4BC7 /* SearchResultsViewController.m */; };
		BB97A7DE1E8B6C5400A10CBA /* TableViewController.m in Sources */ = {isa = PBXBuildFile; fileRef = BB97A7DD1E8B6C5400A10CBA /* TableViewController.m */; };
		BB97A7E11E8BE4E300A10CBA /* ClientTableViewController.m in Sources */ = {isa = PBXBuildFile; fileRef = BB97A7E01E8BE4E300A10CBA /* ClientTableViewController.m */; };
		BB97A8261E8D2BC800A10CBA /* LoginTableViewController.m in Sources */ = {isa = PBXBuildFile; fileRef = BB97A8251E8D2BC800A10CBA /* LoginTableViewController.m */; };
		BB97A8281E8DFC7C00A10CBA /* RegisterTableViewController.m in Sources */ = {isa = PBXBuildFile; fileRef = BB97A8271E8DFC7C00A10CBA /* RegisterTableViewController.m */; };
		BBCB71061E902B0C007DA0E6 /* SVIndefiniteAnimatedView.m in Sources */ = {isa = PBXBuildFile; fileRef = BBCB71021E902B0C007DA0E6 /* SVIndefiniteAnimatedView.m */; };
		BBCB71071E902B0C007DA0E6 /* SVProgressHUD.bundle in Resources */ = {isa = PBXBuildFile; fileRef = BBCB71031E902B0C007DA0E6 /* SVProgressHUD.bundle */; };
		BBCB71081E902B0C007DA0E6 /* SVProgressHUD.m in Sources */ = {isa = PBXBuildFile; fileRef = BBCB71051E902B0C007DA0E6 /* SVProgressHUD.m */; };
		BBCB710B1E90C9F5007DA0E6 /* AgentDetailTableViewController.m in Sources */ = {isa = PBXBuildFile; fileRef = BBCB710A1E90C9F5007DA0E6 /* AgentDetailTableViewController.m */; };
		BBCB710E1E9128D6007DA0E6 /* ClientDetailTableViewController.m in Sources */ = {isa = PBXBuildFile; fileRef = BBCB710D1E9128D6007DA0E6 /* ClientDetailTableViewController.m */; };
		BBCFD73E1E8FBF2800B85322 /* MainTableViewController.m in Sources */ = {isa = PBXBuildFile; fileRef = BBCFD73D1E8FBF2800B85322 /* MainTableViewController.m */; };
		BBF9083C1E93207C00F71325 /* AidRequestTableViewController.m in Sources */ = {isa = PBXBuildFile; fileRef = BBF9083B1E93207C00F71325 /* AidRequestTableViewController.m */; };
		BBF9083F1E93209500F71325 /* AidRequestDetailTableViewController.m in Sources */ = {isa = PBXBuildFile; fileRef = BBF9083E1E93209500F71325 /* AidRequestDetailTableViewController.m */; };
		BBF908421E93215B00F71325 /* AidTypeTableViewController.m in Sources */ = {isa = PBXBuildFile; fileRef = BBF908411E93215B00F71325 /* AidTypeTableViewController.m */; };
		BBF908451E93216E00F71325 /* AidTypeDetailTableViewController.m in Sources */ = {isa = PBXBuildFile; fileRef = BBF908441E93216E00F71325 /* AidTypeDetailTableViewController.m */; };
		BBF908481E93220C00F71325 /* AwardsTableViewController.m in Sources */ = {isa = PBXBuildFile; fileRef = BBF908471E93220C00F71325 /* AwardsTableViewController.m */; };
		BBF9084B1E93221E00F71325 /* AwardDetailsTableViewController.m in Sources */ = {isa = PBXBuildFile; fileRef = BBF9084A1E93221E00F71325 /* AwardDetailsTableViewController.m */; };
/* End PBXBuildFile section */

/* Begin PBXContainerItemProxy section */
		BB1054191E85421700AEA410 /* PBXContainerItemProxy */ = {
			isa = PBXContainerItemProxy;
			containerPortal = BB1053F71E85421600AEA410 /* Project object */;
			proxyType = 1;
			remoteGlobalIDString = BB1053FE1E85421600AEA410;
			remoteInfo = HelpNow;
		};
		BB1054241E85421700AEA410 /* PBXContainerItemProxy */ = {
			isa = PBXContainerItemProxy;
			containerPortal = BB1053F71E85421600AEA410 /* Project object */;
			proxyType = 1;
			remoteGlobalIDString = BB1053FE1E85421600AEA410;
			remoteInfo = HelpNow;
		};
/* End PBXContainerItemProxy section */

/* Begin PBXFileReference section */
		BB1053FF1E85421600AEA410 /* HelpNow.app */ = {isa = PBXFileReference; explicitFileType = wrapper.application; includeInIndex = 0; path = HelpNow.app; sourceTree = BUILT_PRODUCTS_DIR; };
		BB1054031E85421600AEA410 /* main.m */ = {isa = PBXFileReference; lastKnownFileType = sourcecode.c.objc; path = main.m; sourceTree = "<group>"; };
		BB1054051E85421600AEA410 /* AppDelegate.h */ = {isa = PBXFileReference; lastKnownFileType = sourcecode.c.h; path = AppDelegate.h; sourceTree = "<group>"; };
		BB1054061E85421600AEA410 /* AppDelegate.m */ = {isa = PBXFileReference; lastKnownFileType = sourcecode.c.objc; path = AppDelegate.m; sourceTree = "<group>"; };
		BB1054081E85421600AEA410 /* ViewController.h */ = {isa = PBXFileReference; lastKnownFileType = sourcecode.c.h; path = ViewController.h; sourceTree = "<group>"; };
		BB1054091E85421600AEA410 /* ViewController.m */ = {isa = PBXFileReference; lastKnownFileType = sourcecode.c.objc; path = ViewController.m; sourceTree = "<group>"; };
		BB10540C1E85421600AEA410 /* Base */ = {isa = PBXFileReference; lastKnownFileType = file.storyboard; name = Base; path = Base.lproj/Main.storyboard; sourceTree = "<group>"; };
		BB1054111E85421600AEA410 /* Base */ = {isa = PBXFileReference; lastKnownFileType = file.storyboard; name = Base; path = Base.lproj/LaunchScreen.storyboard; sourceTree = "<group>"; };
		BB1054131E85421600AEA410 /* Info.plist */ = {isa = PBXFileReference; lastKnownFileType = text.plist.xml; path = Info.plist; sourceTree = "<group>"; };
		BB1054181E85421700AEA410 /* HelpNowTests.xctest */ = {isa = PBXFileReference; explicitFileType = wrapper.cfbundle; includeInIndex = 0; path = HelpNowTests.xctest; sourceTree = BUILT_PRODUCTS_DIR; };
		BB10541C1E85421700AEA410 /* HelpNowTests.m */ = {isa = PBXFileReference; lastKnownFileType = sourcecode.c.objc; path = HelpNowTests.m; sourceTree = "<group>"; };
		BB10541E1E85421700AEA410 /* Info.plist */ = {isa = PBXFileReference; lastKnownFileType = text.plist.xml; path = Info.plist; sourceTree = "<group>"; };
		BB1054231E85421700AEA410 /* HelpNowUITests.xctest */ = {isa = PBXFileReference; explicitFileType = wrapper.cfbundle; includeInIndex = 0; path = HelpNowUITests.xctest; sourceTree = BUILT_PRODUCTS_DIR; };
		BB1054271E85421700AEA410 /* HelpNowUITests.m */ = {isa = PBXFileReference; lastKnownFileType = sourcecode.c.objc; path = HelpNowUITests.m; sourceTree = "<group>"; };
		BB1054291E85421700AEA410 /* Info.plist */ = {isa = PBXFileReference; lastKnownFileType = text.plist.xml; path = Info.plist; sourceTree = "<group>"; };
		BB1054361E8544A300AEA410 /* users.xcdatamodel */ = {isa = PBXFileReference; lastKnownFileType = wrapper.xcdatamodel; path = users.xcdatamodel; sourceTree = "<group>"; };
		BB1054381E8545C400AEA410 /* HelpNow-Bridging-Header.h */ = {isa = PBXFileReference; lastKnownFileType = sourcecode.c.h; path = "HelpNow-Bridging-Header.h"; sourceTree = "<group>"; };
		BB1054391E8545C400AEA410 /* users.swift */ = {isa = PBXFileReference; fileEncoding = 4; lastKnownFileType = sourcecode.swift; path = users.swift; sourceTree = "<group>"; };
		BB4D81781E899DDC00E7D060 /* helpnowcover.jpg */ = {isa = PBXFileReference; lastKnownFileType = image.jpeg; path = helpnowcover.jpg; sourceTree = "<group>"; };
		BB4D817A1E899DF300E7D060 /* HelpNowlogo1.png */ = {isa = PBXFileReference; lastKnownFileType = image.png; path = HelpNowlogo1.png; sourceTree = "<group>"; };
		BB4D817C1E899E0400E7D060 /* helpnowlogo2.png */ = {isa = PBXFileReference; lastKnownFileType = image.png; path = helpnowlogo2.png; sourceTree = "<group>"; };
		BB4D817F1E89A3B900E7D060 /* NSObject+SBJson.h */ = {isa = PBXFileReference; fileEncoding = 4; lastKnownFileType = sourcecode.c.h; path = "NSObject+SBJson.h"; sourceTree = "<group>"; };
		BB4D81801E89A3B900E7D060 /* NSObject+SBJson.m */ = {isa = PBXFileReference; fileEncoding = 4; lastKnownFileType = sourcecode.c.objc; path = "NSObject+SBJson.m"; sourceTree = "<group>"; };
		BB4D81811E89A3B900E7D060 /* SBJson.h */ = {isa = PBXFileReference; fileEncoding = 4; lastKnownFileType = sourcecode.c.h; path = SBJson.h; sourceTree = "<group>"; };
		BB4D81821E89A3B900E7D060 /* SBJsonParser.h */ = {isa = PBXFileReference; fileEncoding = 4; lastKnownFileType = sourcecode.c.h; path = SBJsonParser.h; sourceTree = "<group>"; };
		BB4D81831E89A3B900E7D060 /* SBJsonParser.m */ = {isa = PBXFileReference; fileEncoding = 4; lastKnownFileType = sourcecode.c.objc; path = SBJsonParser.m; sourceTree = "<group>"; };
		BB4D81841E89A3B900E7D060 /* SBJsonStreamParser.h */ = {isa = PBXFileReference; fileEncoding = 4; lastKnownFileType = sourcecode.c.h; path = SBJsonStreamParser.h; sourceTree = "<group>"; };
		BB4D81851E89A3B900E7D060 /* SBJsonStreamParser.m */ = {isa = PBXFileReference; fileEncoding = 4; lastKnownFileType = sourcecode.c.objc; path = SBJsonStreamParser.m; sourceTree = "<group>"; };
		BB4D81861E89A3B900E7D060 /* SBJsonStreamParserAccumulator.h */ = {isa = PBXFileReference; fileEncoding = 4; lastKnownFileType = sourcecode.c.h; path = SBJsonStreamParserAccumulator.h; sourceTree = "<group>"; };
		BB4D81871E89A3B900E7D060 /* SBJsonStreamParserAccumulator.m */ = {isa = PBXFileReference; fileEncoding = 4; lastKnownFileType = sourcecode.c.objc; path = SBJsonStreamParserAccumulator.m; sourceTree = "<group>"; };
		BB4D81881E89A3B900E7D060 /* SBJsonStreamParserAdapter.h */ = {isa = PBXFileReference; fileEncoding = 4; lastKnownFileType = sourcecode.c.h; path = SBJsonStreamParserAdapter.h; sourceTree = "<group>"; };
		BB4D81891E89A3B900E7D060 /* SBJsonStreamParserAdapter.m */ = {isa = PBXFileReference; fileEncoding = 4; lastKnownFileType = sourcecode.c.objc; path = SBJsonStreamParserAdapter.m; sourceTree = "<group>"; };
		BB4D818A1E89A3B900E7D060 /* SBJsonStreamParserState.h */ = {isa = PBXFileReference; fileEncoding = 4; lastKnownFileType = sourcecode.c.h; path = SBJsonStreamParserState.h; sourceTree = "<group>"; };
		BB4D818B1E89A3B900E7D060 /* SBJsonStreamParserState.m */ = {isa = PBXFileReference; fileEncoding = 4; lastKnownFileType = sourcecode.c.objc; path = SBJsonStreamParserState.m; sourceTree = "<group>"; };
		BB4D818C1E89A3B900E7D060 /* SBJsonStreamWriter.h */ = {isa = PBXFileReference; fileEncoding = 4; lastKnownFileType = sourcecode.c.h; path = SBJsonStreamWriter.h; sourceTree = "<group>"; };
		BB4D818D1E89A3B900E7D060 /* SBJsonStreamWriter.m */ = {isa = PBXFileReference; fileEncoding = 4; lastKnownFileType = sourcecode.c.objc; path = SBJsonStreamWriter.m; sourceTree = "<group>"; };
		BB4D818E1E89A3B900E7D060 /* SBJsonStreamWriterAccumulator.h */ = {isa = PBXFileReference; fileEncoding = 4; lastKnownFileType = sourcecode.c.h; path = SBJsonStreamWriterAccumulator.h; sourceTree = "<group>"; };
		BB4D818F1E89A3B900E7D060 /* SBJsonStreamWriterAccumulator.m */ = {isa = PBXFileReference; fileEncoding = 4; lastKnownFileType = sourcecode.c.objc; path = SBJsonStreamWriterAccumulator.m; sourceTree = "<group>"; };
		BB4D81901E89A3B900E7D060 /* SBJsonStreamWriterState.h */ = {isa = PBXFileReference; fileEncoding = 4; lastKnownFileType = sourcecode.c.h; path = SBJsonStreamWriterState.h; sourceTree = "<group>"; };
		BB4D81911E89A3B900E7D060 /* SBJsonStreamWriterState.m */ = {isa = PBXFileReference; fileEncoding = 4; lastKnownFileType = sourcecode.c.objc; path = SBJsonStreamWriterState.m; sourceTree = "<group>"; };
		BB4D81921E89A3B900E7D060 /* SBJsonTokeniser.h */ = {isa = PBXFileReference; fileEncoding = 4; lastKnownFileType = sourcecode.c.h; path = SBJsonTokeniser.h; sourceTree = "<group>"; };
		BB4D81931E89A3B900E7D060 /* SBJsonTokeniser.m */ = {isa = PBXFileReference; fileEncoding = 4; lastKnownFileType = sourcecode.c.objc; path = SBJsonTokeniser.m; sourceTree = "<group>"; };
		BB4D81941E89A3B900E7D060 /* SBJsonUTF8Stream.h */ = {isa = PBXFileReference; fileEncoding = 4; lastKnownFileType = sourcecode.c.h; path = SBJsonUTF8Stream.h; sourceTree = "<group>"; };
		BB4D81951E89A3B900E7D060 /* SBJsonUTF8Stream.m */ = {isa = PBXFileReference; fileEncoding = 4; lastKnownFileType = sourcecode.c.objc; path = SBJsonUTF8Stream.m; sourceTree = "<group>"; };
		BB4D81961E89A3B900E7D060 /* SBJsonWriter.h */ = {isa = PBXFileReference; fileEncoding = 4; lastKnownFileType = sourcecode.c.h; path = SBJsonWriter.h; sourceTree = "<group>"; };
		BB4D81971E89A3B900E7D060 /* SBJsonWriter.m */ = {isa = PBXFileReference; fileEncoding = 4; lastKnownFileType = sourcecode.c.objc; path = SBJsonWriter.m; sourceTree = "<group>"; };
		BB57B8671E924E97002C4BC7 /* Images.xcassets */ = {isa = PBXFileReference; lastKnownFileType = folder.assetcatalog; path = Images.xcassets; sourceTree = "<group>"; };
		BB57B86A1E925416002C4BC7 /* Contents.json */ = {isa = PBXFileReference; fileEncoding = 4; lastKnownFileType = text.json; path = Contents.json; sourceTree = "<group>"; };
		BB57B86B1E925416002C4BC7 /* Icon-App-20x20@1x.png */ = {isa = PBXFileReference; lastKnownFileType = image.png; path = "Icon-App-20x20@1x.png"; sourceTree = "<group>"; };
		BB57B86C1E925416002C4BC7 /* Icon-App-20x20@2x.png */ = {isa = PBXFileReference; lastKnownFileType = image.png; path = "Icon-App-20x20@2x.png"; sourceTree = "<group>"; };
		BB57B86D1E925416002C4BC7 /* Icon-App-20x20@3x.png */ = {isa = PBXFileReference; lastKnownFileType = image.png; path = "Icon-App-20x20@3x.png"; sourceTree = "<group>"; };
		BB57B86E1E925416002C4BC7 /* Icon-App-29x29@1x.png */ = {isa = PBXFileReference; lastKnownFileType = image.png; path = "Icon-App-29x29@1x.png"; sourceTree = "<group>"; };
		BB57B86F1E925416002C4BC7 /* Icon-App-29x29@2x.png */ = {isa = PBXFileReference; lastKnownFileType = image.png; path = "Icon-App-29x29@2x.png"; sourceTree = "<group>"; };
		BB57B8701E925416002C4BC7 /* Icon-App-29x29@3x.png */ = {isa = PBXFileReference; lastKnownFileType = image.png; path = "Icon-App-29x29@3x.png"; sourceTree = "<group>"; };
		BB57B8711E925416002C4BC7 /* Icon-App-40x40@1x.png */ = {isa = PBXFileReference; lastKnownFileType = image.png; path = "Icon-App-40x40@1x.png"; sourceTree = "<group>"; };
		BB57B8721E925416002C4BC7 /* Icon-App-40x40@2x.png */ = {isa = PBXFileReference; lastKnownFileType = image.png; path = "Icon-App-40x40@2x.png"; sourceTree = "<group>"; };
		BB57B8731E925416002C4BC7 /* Icon-App-40x40@3x.png */ = {isa = PBXFileReference; lastKnownFileType = image.png; path = "Icon-App-40x40@3x.png"; sourceTree = "<group>"; };
		BB57B8741E925416002C4BC7 /* Icon-App-57x57@1x.png */ = {isa = PBXFileReference; lastKnownFileType = image.png; path = "Icon-App-57x57@1x.png"; sourceTree = "<group>"; };
		BB57B8751E925416002C4BC7 /* Icon-App-57x57@2x.png */ = {isa = PBXFileReference; lastKnownFileType = image.png; path = "Icon-App-57x57@2x.png"; sourceTree = "<group>"; };
		BB57B8761E925416002C4BC7 /* Icon-App-60x60@1x.png */ = {isa = PBXFileReference; lastKnownFileType = image.png; path = "Icon-App-60x60@1x.png"; sourceTree = "<group>"; };
		BB57B8771E925416002C4BC7 /* Icon-App-60x60@2x.png */ = {isa = PBXFileReference; lastKnownFileType = image.png; path = "Icon-App-60x60@2x.png"; sourceTree = "<group>"; };
		BB57B8781E925416002C4BC7 /* Icon-App-60x60@3x.png */ = {isa = PBXFileReference; lastKnownFileType = image.png; path = "Icon-App-60x60@3x.png"; sourceTree = "<group>"; };
		BB57B8791E925416002C4BC7 /* Icon-App-72x72@1x.png */ = {isa = PBXFileReference; lastKnownFileType = image.png; path = "Icon-App-72x72@1x.png"; sourceTree = "<group>"; };
		BB57B87A1E925416002C4BC7 /* Icon-App-72x72@2x.png */ = {isa = PBXFileReference; lastKnownFileType = image.png; path = "Icon-App-72x72@2x.png"; sourceTree = "<group>"; };
		BB57B87B1E925416002C4BC7 /* Icon-App-76x76@1x.png */ = {isa = PBXFileReference; lastKnownFileType = image.png; path = "Icon-App-76x76@1x.png"; sourceTree = "<group>"; };
		BB57B87C1E925416002C4BC7 /* Icon-App-76x76@2x.png */ = {isa = PBXFileReference; lastKnownFileType = image.png; path = "Icon-App-76x76@2x.png"; sourceTree = "<group>"; };
		BB57B87D1E925416002C4BC7 /* Icon-App-76x76@3x.png */ = {isa = PBXFileReference; lastKnownFileType = image.png; path = "Icon-App-76x76@3x.png"; sourceTree = "<group>"; };
		BB57B87E1E925416002C4BC7 /* Icon-App-83.5x83.5@2x.png */ = {isa = PBXFileReference; lastKnownFileType = image.png; path = "Icon-App-83.5x83.5@2x.png"; sourceTree = "<group>"; };
		BB57B87F1E925416002C4BC7 /* Icon-Small-50x50@1x.png */ = {isa = PBXFileReference; lastKnownFileType = image.png; path = "Icon-Small-50x50@1x.png"; sourceTree = "<group>"; };
		BB57B8801E925416002C4BC7 /* Icon-Small-50x50@2x.png */ = {isa = PBXFileReference; lastKnownFileType = image.png; path = "Icon-Small-50x50@2x.png"; sourceTree = "<group>"; };
		BB57B8981E92590C002C4BC7 /* SearchResultsViewController.h */ = {isa = PBXFileReference; fileEncoding = 4; lastKnownFileType = sourcecode.c.h; path = SearchResultsViewController.h; sourceTree = "<group>"; };
		BB57B8991E92590C002C4BC7 /* SearchResultsViewController.m */ = {isa = PBXFileReference; fileEncoding = 4; lastKnownFileType = sourcecode.c.objc; path = SearchResultsViewController.m; sourceTree = "<group>"; };
		BB97A7DC1E8B6C5400A10CBA /* TableViewController.h */ = {isa = PBXFileReference; fileEncoding = 4; lastKnownFileType = sourcecode.c.h; path = TableViewController.h; sourceTree = "<group>"; };
		BB97A7DD1E8B6C5400A10CBA /* TableViewController.m */ = {isa = PBXFileReference; fileEncoding = 4; lastKnownFileType = sourcecode.c.objc; path = TableViewController.m; sourceTree = "<group>"; };
		BB97A7DF1E8BE4E300A10CBA /* ClientTableViewController.h */ = {isa = PBXFileReference; fileEncoding = 4; lastKnownFileType = sourcecode.c.h; path = ClientTableViewController.h; sourceTree = "<group>"; };
		BB97A7E01E8BE4E300A10CBA /* ClientTableViewController.m */ = {isa = PBXFileReference; fileEncoding = 4; lastKnownFileType = sourcecode.c.objc; path = ClientTableViewController.m; sourceTree = "<group>"; };
		BB97A8241E8D2BC800A10CBA /* LoginTableViewController.h */ = {isa = PBXFileReference; fileEncoding = 4; lastKnownFileType = sourcecode.c.h; path = LoginTableViewController.h; sourceTree = "<group>"; };
		BB97A8251E8D2BC800A10CBA /* LoginTableViewController.m */ = {isa = PBXFileReference; fileEncoding = 4; lastKnownFileType = sourcecode.c.objc; path = LoginTableViewController.m; sourceTree = "<group>"; };
		BB97A8271E8DFC7C00A10CBA /* RegisterTableViewController.m */ = {isa = PBXFileReference; fileEncoding = 4; lastKnownFileType = sourcecode.c.objc; path = RegisterTableViewController.m; sourceTree = "<group>"; };
		BB97A8291E8DFC9900A10CBA /* RegisterTableViewController.h */ = {isa = PBXFileReference; fileEncoding = 4; lastKnownFileType = sourcecode.c.h; path = RegisterTableViewController.h; sourceTree = "<group>"; };
		BBCB71011E902B0C007DA0E6 /* SVIndefiniteAnimatedView.h */ = {isa = PBXFileReference; fileEncoding = 4; lastKnownFileType = sourcecode.c.h; path = SVIndefiniteAnimatedView.h; sourceTree = "<group>"; };
		BBCB71021E902B0C007DA0E6 /* SVIndefiniteAnimatedView.m */ = {isa = PBXFileReference; fileEncoding = 4; lastKnownFileType = sourcecode.c.objc; path = SVIndefiniteAnimatedView.m; sourceTree = "<group>"; };
		BBCB71031E902B0C007DA0E6 /* SVProgressHUD.bundle */ = {isa = PBXFileReference; lastKnownFileType = "wrapper.plug-in"; path = SVProgressHUD.bundle; sourceTree = "<group>"; };
		BBCB71041E902B0C007DA0E6 /* SVProgressHUD.h */ = {isa = PBXFileReference; fileEncoding = 4; lastKnownFileType = sourcecode.c.h; path = SVProgressHUD.h; sourceTree = "<group>"; };
		BBCB71051E902B0C007DA0E6 /* SVProgressHUD.m */ = {isa = PBXFileReference; fileEncoding = 4; lastKnownFileType = sourcecode.c.objc; path = SVProgressHUD.m; sourceTree = "<group>"; };
		BBCB71091E90C9F5007DA0E6 /* AgentDetailTableViewController.h */ = {isa = PBXFileReference; fileEncoding = 4; lastKnownFileType = sourcecode.c.h; path = AgentDetailTableViewController.h; sourceTree = "<group>"; };
		BBCB710A1E90C9F5007DA0E6 /* AgentDetailTableViewController.m */ = {isa = PBXFileReference; fileEncoding = 4; lastKnownFileType = sourcecode.c.objc; path = AgentDetailTableViewController.m; sourceTree = "<group>"; };
		BBCB710C1E9128D6007DA0E6 /* ClientDetailTableViewController.h */ = {isa = PBXFileReference; fileEncoding = 4; lastKnownFileType = sourcecode.c.h; path = ClientDetailTableViewController.h; sourceTree = "<group>"; };
		BBCB710D1E9128D6007DA0E6 /* ClientDetailTableViewController.m */ = {isa = PBXFileReference; fileEncoding = 4; lastKnownFileType = sourcecode.c.objc; path = ClientDetailTableViewController.m; sourceTree = "<group>"; };
		BBCFD73C1E8FBF2800B85322 /* MainTableViewController.h */ = {isa = PBXFileReference; fileEncoding = 4; lastKnownFileType = sourcecode.c.h; path = MainTableViewController.h; sourceTree = "<group>"; };
		BBCFD73D1E8FBF2800B85322 /* MainTableViewController.m */ = {isa = PBXFileReference; fileEncoding = 4; lastKnownFileType = sourcecode.c.objc; path = MainTableViewController.m; sourceTree = "<group>"; };
		BBF9083A1E93207C00F71325 /* AidRequestTableViewController.h */ = {isa = PBXFileReference; fileEncoding = 4; lastKnownFileType = sourcecode.c.h; path = AidRequestTableViewController.h; sourceTree = "<group>"; };
		BBF9083B1E93207C00F71325 /* AidRequestTableViewController.m */ = {isa = PBXFileReference; fileEncoding = 4; lastKnownFileType = sourcecode.c.objc; path = AidRequestTableViewController.m; sourceTree = "<group>"; };
		BBF9083D1E93209500F71325 /* AidRequestDetailTableViewController.h */ = {isa = PBXFileReference; fileEncoding = 4; lastKnownFileType = sourcecode.c.h; path = AidRequestDetailTableViewController.h; sourceTree = "<group>"; };
		BBF9083E1E93209500F71325 /* AidRequestDetailTableViewController.m */ = {isa = PBXFileReference; fileEncoding = 4; lastKnownFileType = sourcecode.c.objc; path = AidRequestDetailTableViewController.m; sourceTree = "<group>"; };
		BBF908401E93215B00F71325 /* AidTypeTableViewController.h */ = {isa = PBXFileReference; fileEncoding = 4; lastKnownFileType = sourcecode.c.h; path = AidTypeTableViewController.h; sourceTree = "<group>"; };
		BBF908411E93215B00F71325 /* AidTypeTableViewController.m */ = {isa = PBXFileReference; fileEncoding = 4; lastKnownFileType = sourcecode.c.objc; path = AidTypeTableViewController.m; sourceTree = "<group>"; };
		BBF908431E93216E00F71325 /* AidTypeDetailTableViewController.h */ = {isa = PBXFileReference; fileEncoding = 4; lastKnownFileType = sourcecode.c.h; path = AidTypeDetailTableViewController.h; sourceTree = "<group>"; };
		BBF908441E93216E00F71325 /* AidTypeDetailTableViewController.m */ = {isa = PBXFileReference; fileEncoding = 4; lastKnownFileType = sourcecode.c.objc; path = AidTypeDetailTableViewController.m; sourceTree = "<group>"; };
		BBF908461E93220C00F71325 /* AwardsTableViewController.h */ = {isa = PBXFileReference; fileEncoding = 4; lastKnownFileType = sourcecode.c.h; path = AwardsTableViewController.h; sourceTree = "<group>"; };
		BBF908471E93220C00F71325 /* AwardsTableViewController.m */ = {isa = PBXFileReference; fileEncoding = 4; lastKnownFileType = sourcecode.c.objc; path = AwardsTableViewController.m; sourceTree = "<group>"; };
		BBF908491E93221E00F71325 /* AwardDetailsTableViewController.h */ = {isa = PBXFileReference; fileEncoding = 4; lastKnownFileType = sourcecode.c.h; path = AwardDetailsTableViewController.h; sourceTree = "<group>"; };
		BBF9084A1E93221E00F71325 /* AwardDetailsTableViewController.m */ = {isa = PBXFileReference; fileEncoding = 4; lastKnownFileType = sourcecode.c.objc; path = AwardDetailsTableViewController.m; sourceTree = "<group>"; };
/* End PBXFileReference section */

/* Begin PBXFrameworksBuildPhase section */
		BB1053FC1E85421600AEA410 /* Frameworks */ = {
			isa = PBXFrameworksBuildPhase;
			buildActionMask = 2147483647;
			files = (
			);
			runOnlyForDeploymentPostprocessing = 0;
		};
		BB1054151E85421700AEA410 /* Frameworks */ = {
			isa = PBXFrameworksBuildPhase;
			buildActionMask = 2147483647;
			files = (
			);
			runOnlyForDeploymentPostprocessing = 0;
		};
		BB1054201E85421700AEA410 /* Frameworks */ = {
			isa = PBXFrameworksBuildPhase;
			buildActionMask = 2147483647;
			files = (
			);
			runOnlyForDeploymentPostprocessing = 0;
		};
/* End PBXFrameworksBuildPhase section */

/* Begin PBXGroup section */
		BB1053F61E85421600AEA410 = {
			isa = PBXGroup;
			children = (
				BB1054011E85421600AEA410 /* HelpNow */,
				BBCB71001E902B0C007DA0E6 /* SVProgressHUD */,
				BB10541B1E85421700AEA410 /* HelpNowTests */,
				BB1054261E85421700AEA410 /* HelpNowUITests */,
				BB1054001E85421600AEA410 /* Products */,
			);
			sourceTree = "<group>";
		};
		BB1054001E85421600AEA410 /* Products */ = {
			isa = PBXGroup;
			children = (
				BB1053FF1E85421600AEA410 /* HelpNow.app */,
				BB1054181E85421700AEA410 /* HelpNowTests.xctest */,
				BB1054231E85421700AEA410 /* HelpNowUITests.xctest */,
			);
			name = Products;
			sourceTree = "<group>";
		};
		BB1054011E85421600AEA410 /* HelpNow */ = {
			isa = PBXGroup;
			children = (
				BB4D817E1E89A3A500E7D060 /* Json */,
				BB1054051E85421600AEA410 /* AppDelegate.h */,
				BB1054061E85421600AEA410 /* AppDelegate.m */,
				BB1054081E85421600AEA410 /* ViewController.h */,
				BB1054091E85421600AEA410 /* ViewController.m */,
				BB97A7DC1E8B6C5400A10CBA /* TableViewController.h */,
				BB97A7DD1E8B6C5400A10CBA /* TableViewController.m */,
				BBCB71091E90C9F5007DA0E6 /* AgentDetailTableViewController.h */,
				BBCB710A1E90C9F5007DA0E6 /* AgentDetailTableViewController.m */,
				BB97A7DF1E8BE4E300A10CBA /* ClientTableViewController.h */,
				BB97A7E01E8BE4E300A10CBA /* ClientTableViewController.m */,
				BBCB710C1E9128D6007DA0E6 /* ClientDetailTableViewController.h */,
				BBCB710D1E9128D6007DA0E6 /* ClientDetailTableViewController.m */,
				BB1054351E8544A300AEA410 /* users.xcdatamodeld */,
				BB1054391E8545C400AEA410 /* users.swift */,
				BB10540B1E85421600AEA410 /* Main.storyboard */,
				BBF908461E93220C00F71325 /* AwardsTableViewController.h */,
				BBF908471E93220C00F71325 /* AwardsTableViewController.m */,
				BBF908491E93221E00F71325 /* AwardDetailsTableViewController.h */,
				BBF9084A1E93221E00F71325 /* AwardDetailsTableViewController.m */,
				BBF908401E93215B00F71325 /* AidTypeTableViewController.h */,
				BBF908411E93215B00F71325 /* AidTypeTableViewController.m */,
				BBF908431E93216E00F71325 /* AidTypeDetailTableViewController.h */,
				BBF908441E93216E00F71325 /* AidTypeDetailTableViewController.m */,
				BBF9083A1E93207C00F71325 /* AidRequestTableViewController.h */,
				BBF9083B1E93207C00F71325 /* AidRequestTableViewController.m */,
				BBF9083D1E93209500F71325 /* AidRequestDetailTableViewController.h */,
				BBF9083E1E93209500F71325 /* AidRequestDetailTableViewController.m */,
				BBCFD73C1E8FBF2800B85322 /* MainTableViewController.h */,
				BBCFD73D1E8FBF2800B85322 /* MainTableViewController.m */,
				BB97A8241E8D2BC800A10CBA /* LoginTableViewController.h */,
				BB97A8251E8D2BC800A10CBA /* LoginTableViewController.m */,
				BB97A8291E8DFC9900A10CBA /* RegisterTableViewController.h */,
				BB97A8271E8DFC7C00A10CBA /* RegisterTableViewController.m */,
				BB57B8981E92590C002C4BC7 /* SearchResultsViewController.h */,
				BB57B8991E92590C002C4BC7 /* SearchResultsViewController.m */,
				BB4D81781E899DDC00E7D060 /* helpnowcover.jpg */,
				BB4D817A1E899DF300E7D060 /* HelpNowlogo1.png */,
				BB4D817C1E899E0400E7D060 /* helpnowlogo2.png */,
				BB1054101E85421600AEA410 /* LaunchScreen.storyboard */,
				BB1054131E85421600AEA410 /* Info.plist */,
				BB57B8691E925416002C4BC7 /* AppIconPNG.appiconset */,
				BB1054021E85421600AEA410 /* Supporting Files */,
				BB1054381E8545C400AEA410 /* HelpNow-Bridging-Header.h */,
				BB57B8671E924E97002C4BC7 /* Images.xcassets */,
			);
			path = HelpNow;
			sourceTree = "<group>";
		};
		BB1054021E85421600AEA410 /* Supporting Files */ = {
			isa = PBXGroup;
			children = (
				BB1054031E85421600AEA410 /* main.m */,
			);
			name = "Supporting Files";
			sourceTree = "<group>";
		};
		BB10541B1E85421700AEA410 /* HelpNowTests */ = {
			isa = PBXGroup;
			children = (
				BB10541C1E85421700AEA410 /* HelpNowTests.m */,
				BB10541E1E85421700AEA410 /* Info.plist */,
			);
			path = HelpNowTests;
			sourceTree = "<group>";
		};
		BB1054261E85421700AEA410 /* HelpNowUITests */ = {
			isa = PBXGroup;
			children = (
				BB1054271E85421700AEA410 /* HelpNowUITests.m */,
				BB1054291E85421700AEA410 /* Info.plist */,
			);
			path = HelpNowUITests;
			sourceTree = "<group>";
		};
		BB4D817E1E89A3A500E7D060 /* Json */ = {
			isa = PBXGroup;
			children = (
				BB4D817F1E89A3B900E7D060 /* NSObject+SBJson.h */,
				BB4D81801E89A3B900E7D060 /* NSObject+SBJson.m */,
				BB4D81811E89A3B900E7D060 /* SBJson.h */,
				BB4D81821E89A3B900E7D060 /* SBJsonParser.h */,
				BB4D81831E89A3B900E7D060 /* SBJsonParser.m */,
				BB4D81841E89A3B900E7D060 /* SBJsonStreamParser.h */,
				BB4D81851E89A3B900E7D060 /* SBJsonStreamParser.m */,
				BB4D81861E89A3B900E7D060 /* SBJsonStreamParserAccumulator.h */,
				BB4D81871E89A3B900E7D060 /* SBJsonStreamParserAccumulator.m */,
				BB4D81881E89A3B900E7D060 /* SBJsonStreamParserAdapter.h */,
				BB4D81891E89A3B900E7D060 /* SBJsonStreamParserAdapter.m */,
				BB4D818A1E89A3B900E7D060 /* SBJsonStreamParserState.h */,
				BB4D818B1E89A3B900E7D060 /* SBJsonStreamParserState.m */,
				BB4D818C1E89A3B900E7D060 /* SBJsonStreamWriter.h */,
				BB4D818D1E89A3B900E7D060 /* SBJsonStreamWriter.m */,
				BB4D818E1E89A3B900E7D060 /* SBJsonStreamWriterAccumulator.h */,
				BB4D818F1E89A3B900E7D060 /* SBJsonStreamWriterAccumulator.m */,
				BB4D81901E89A3B900E7D060 /* SBJsonStreamWriterState.h */,
				BB4D81911E89A3B900E7D060 /* SBJsonStreamWriterState.m */,
				BB4D81921E89A3B900E7D060 /* SBJsonTokeniser.h */,
				BB4D81931E89A3B900E7D060 /* SBJsonTokeniser.m */,
				BB4D81941E89A3B900E7D060 /* SBJsonUTF8Stream.h */,
				BB4D81951E89A3B900E7D060 /* SBJsonUTF8Stream.m */,
				BB4D81961E89A3B900E7D060 /* SBJsonWriter.h */,
				BB4D81971E89A3B900E7D060 /* SBJsonWriter.m */,
			);
			name = Json;
			sourceTree = "<group>";
		};
		BB57B8691E925416002C4BC7 /* AppIconPNG.appiconset */ = {
			isa = PBXGroup;
			children = (
				BB57B86A1E925416002C4BC7 /* Contents.json */,
				BB57B86B1E925416002C4BC7 /* Icon-App-20x20@1x.png */,
				BB57B86C1E925416002C4BC7 /* Icon-App-20x20@2x.png */,
				BB57B86D1E925416002C4BC7 /* Icon-App-20x20@3x.png */,
				BB57B86E1E925416002C4BC7 /* Icon-App-29x29@1x.png */,
				BB57B86F1E925416002C4BC7 /* Icon-App-29x29@2x.png */,
				BB57B8701E925416002C4BC7 /* Icon-App-29x29@3x.png */,
				BB57B8711E925416002C4BC7 /* Icon-App-40x40@1x.png */,
				BB57B8721E925416002C4BC7 /* Icon-App-40x40@2x.png */,
				BB57B8731E925416002C4BC7 /* Icon-App-40x40@3x.png */,
				BB57B8741E925416002C4BC7 /* Icon-App-57x57@1x.png */,
				BB57B8751E925416002C4BC7 /* Icon-App-57x57@2x.png */,
				BB57B8761E925416002C4BC7 /* Icon-App-60x60@1x.png */,
				BB57B8771E925416002C4BC7 /* Icon-App-60x60@2x.png */,
				BB57B8781E925416002C4BC7 /* Icon-App-60x60@3x.png */,
				BB57B8791E925416002C4BC7 /* Icon-App-72x72@1x.png */,
				BB57B87A1E925416002C4BC7 /* Icon-App-72x72@2x.png */,
				BB57B87B1E925416002C4BC7 /* Icon-App-76x76@1x.png */,
				BB57B87C1E925416002C4BC7 /* Icon-App-76x76@2x.png */,
				BB57B87D1E925416002C4BC7 /* Icon-App-76x76@3x.png */,
				BB57B87E1E925416002C4BC7 /* Icon-App-83.5x83.5@2x.png */,
				BB57B87F1E925416002C4BC7 /* Icon-Small-50x50@1x.png */,
				BB57B8801E925416002C4BC7 /* Icon-Small-50x50@2x.png */,
			);
			path = AppIconPNG.appiconset;
			sourceTree = "<group>";
		};
		BBCB71001E902B0C007DA0E6 /* SVProgressHUD */ = {
			isa = PBXGroup;
			children = (
				BBCB71011E902B0C007DA0E6 /* SVIndefiniteAnimatedView.h */,
				BBCB71021E902B0C007DA0E6 /* SVIndefiniteAnimatedView.m */,
				BBCB71031E902B0C007DA0E6 /* SVProgressHUD.bundle */,
				BBCB71041E902B0C007DA0E6 /* SVProgressHUD.h */,
				BBCB71051E902B0C007DA0E6 /* SVProgressHUD.m */,
			);
			name = SVProgressHUD;
			path = HelpNow/SVProgressHUD/SVProgressHUD;
			sourceTree = "<group>";
		};
/* End PBXGroup section */

/* Begin PBXNativeTarget section */
		BB1053FE1E85421600AEA410 /* HelpNow */ = {
			isa = PBXNativeTarget;
			buildConfigurationList = BB10542C1E85421700AEA410 /* Build configuration list for PBXNativeTarget "HelpNow" */;
			buildPhases = (
				BB1053FB1E85421600AEA410 /* Sources */,
				BB1053FC1E85421600AEA410 /* Frameworks */,
				BB1053FD1E85421600AEA410 /* Resources */,
			);
			buildRules = (
			);
			dependencies = (
			);
			name = HelpNow;
			productName = HelpNow;
			productReference = BB1053FF1E85421600AEA410 /* HelpNow.app */;
			productType = "com.apple.product-type.application";
		};
		BB1054171E85421700AEA410 /* HelpNowTests */ = {
			isa = PBXNativeTarget;
			buildConfigurationList = BB10542F1E85421700AEA410 /* Build configuration list for PBXNativeTarget "HelpNowTests" */;
			buildPhases = (
				BB1054141E85421700AEA410 /* Sources */,
				BB1054151E85421700AEA410 /* Frameworks */,
				BB1054161E85421700AEA410 /* Resources */,
			);
			buildRules = (
			);
			dependencies = (
				BB10541A1E85421700AEA410 /* PBXTargetDependency */,
			);
			name = HelpNowTests;
			productName = HelpNowTests;
			productReference = BB1054181E85421700AEA410 /* HelpNowTests.xctest */;
			productType = "com.apple.product-type.bundle.unit-test";
		};
		BB1054221E85421700AEA410 /* HelpNowUITests */ = {
			isa = PBXNativeTarget;
			buildConfigurationList = BB1054321E85421700AEA410 /* Build configuration list for PBXNativeTarget "HelpNowUITests" */;
			buildPhases = (
				BB10541F1E85421700AEA410 /* Sources */,
				BB1054201E85421700AEA410 /* Frameworks */,
				BB1054211E85421700AEA410 /* Resources */,
			);
			buildRules = (
			);
			dependencies = (
				BB1054251E85421700AEA410 /* PBXTargetDependency */,
			);
			name = HelpNowUITests;
			productName = HelpNowUITests;
			productReference = BB1054231E85421700AEA410 /* HelpNowUITests.xctest */;
			productType = "com.apple.product-type.bundle.ui-testing";
		};
/* End PBXNativeTarget section */

/* Begin PBXProject section */
		BB1053F71E85421600AEA410 /* Project object */ = {
			isa = PBXProject;
			attributes = {
				LastUpgradeCheck = 0820;
				ORGANIZATIONNAME = "Robert Klouda";
				TargetAttributes = {
					BB1053FE1E85421600AEA410 = {
						CreatedOnToolsVersion = 8.2.1;
						DevelopmentTeam = 768AR94GBN;
						LastSwiftMigration = 0820;
						ProvisioningStyle = Automatic;
					};
					BB1054171E85421700AEA410 = {
						CreatedOnToolsVersion = 8.2.1;
						DevelopmentTeam = 768AR94GBN;
						ProvisioningStyle = Automatic;
						TestTargetID = BB1053FE1E85421600AEA410;
					};
					BB1054221E85421700AEA410 = {
						CreatedOnToolsVersion = 8.2.1;
						DevelopmentTeam = 768AR94GBN;
						ProvisioningStyle = Automatic;
						TestTargetID = BB1053FE1E85421600AEA410;
					};
				};
			};
			buildConfigurationList = BB1053FA1E85421600AEA410 /* Build configuration list for PBXProject "HelpNow" */;
			compatibilityVersion = "Xcode 3.2";
			developmentRegion = English;
			hasScannedForEncodings = 0;
			knownRegions = (
				en,
				Base,
			);
			mainGroup = BB1053F61E85421600AEA410;
			productRefGroup = BB1054001E85421600AEA410 /* Products */;
			projectDirPath = "";
			projectRoot = "";
			targets = (
				BB1053FE1E85421600AEA410 /* HelpNow */,
				BB1054171E85421700AEA410 /* HelpNowTests */,
				BB1054221E85421700AEA410 /* HelpNowUITests */,
			);
		};
/* End PBXProject section */

/* Begin PBXResourcesBuildPhase section */
		BB1053FD1E85421600AEA410 /* Resources */ = {
			isa = PBXResourcesBuildPhase;
			buildActionMask = 2147483647;
			files = (
				BB57B8881E925416002C4BC7 /* Icon-App-40x40@1x.png in Resources */,
				BB57B8961E925416002C4BC7 /* Icon-Small-50x50@1x.png in Resources */,
				BB57B88D1E925416002C4BC7 /* Icon-App-60x60@1x.png in Resources */,
				BB1054121E85421600AEA410 /* LaunchScreen.storyboard in Resources */,
				BB57B88E1E925416002C4BC7 /* Icon-App-60x60@2x.png in Resources */,
				BBCB71071E902B0C007DA0E6 /* SVProgressHUD.bundle in Resources */,
				BB57B88F1E925416002C4BC7 /* Icon-App-60x60@3x.png in Resources */,
				BB4D817B1E899DF300E7D060 /* HelpNowlogo1.png in Resources */,
				BB57B8921E925416002C4BC7 /* Icon-App-76x76@1x.png in Resources */,
				BB57B8811E925416002C4BC7 /* Contents.json in Resources */,
				BB4D817D1E899E0400E7D060 /* helpnowlogo2.png in Resources */,
				BB57B8891E925416002C4BC7 /* Icon-App-40x40@2x.png in Resources */,
				BB57B8941E925416002C4BC7 /* Icon-App-76x76@3x.png in Resources */,
				BB57B8821E925416002C4BC7 /* Icon-App-20x20@1x.png in Resources */,
				BB57B8681E924E97002C4BC7 /* Images.xcassets in Resources */,
				BB57B8841E925416002C4BC7 /* Icon-App-20x20@3x.png in Resources */,
				BB57B8861E925416002C4BC7 /* Icon-App-29x29@2x.png in Resources */,
				BB57B88B1E925416002C4BC7 /* Icon-App-57x57@1x.png in Resources */,
				BB57B8901E925416002C4BC7 /* Icon-App-72x72@1x.png in Resources */,
				BB57B8911E925416002C4BC7 /* Icon-App-72x72@2x.png in Resources */,
				BB57B8871E925416002C4BC7 /* Icon-App-29x29@3x.png in Resources */,
				BB57B88C1E925416002C4BC7 /* Icon-App-57x57@2x.png in Resources */,
				BB10540D1E85421600AEA410 /* Main.storyboard in Resources */,
				BB57B8951E925416002C4BC7 /* Icon-App-83.5x83.5@2x.png in Resources */,
				BB57B88A1E925416002C4BC7 /* Icon-App-40x40@3x.png in Resources */,
				BB57B8831E925416002C4BC7 /* Icon-App-20x20@2x.png in Resources */,
				BB57B8971E925416002C4BC7 /* Icon-Small-50x50@2x.png in Resources */,
				BB4D81791E899DDC00E7D060 /* helpnowcover.jpg in Resources */,
				BB57B8931E925416002C4BC7 /* Icon-App-76x76@2x.png in Resources */,
				BB57B8851E925416002C4BC7 /* Icon-App-29x29@1x.png in Resources */,
			);
			runOnlyForDeploymentPostprocessing = 0;
		};
		BB1054161E85421700AEA410 /* Resources */ = {
			isa = PBXResourcesBuildPhase;
			buildActionMask = 2147483647;
			files = (
			);
			runOnlyForDeploymentPostprocessing = 0;
		};
		BB1054211E85421700AEA410 /* Resources */ = {
			isa = PBXResourcesBuildPhase;
			buildActionMask = 2147483647;
			files = (
			);
			runOnlyForDeploymentPostprocessing = 0;
		};
/* End PBXResourcesBuildPhase section */

/* Begin PBXSourcesBuildPhase section */
		BB1053FB1E85421600AEA410 /* Sources */ = {
			isa = PBXSourcesBuildPhase;
			buildActionMask = 2147483647;
			files = (
				BBF9083C1E93207C00F71325 /* AidRequestTableViewController.m in Sources */,
				BBCFD73E1E8FBF2800B85322 /* MainTableViewController.m in Sources */,
				BB4D819D1E89A3B900E7D060 /* SBJsonStreamParserState.m in Sources */,
				BB97A8261E8D2BC800A10CBA /* LoginTableViewController.m in Sources */,
				BBF908421E93215B00F71325 /* AidTypeTableViewController.m in Sources */,
				BB4D81991E89A3B900E7D060 /* SBJsonParser.m in Sources */,
				BB4D819C1E89A3B900E7D060 /* SBJsonStreamParserAdapter.m in Sources */,
				BB1054371E8544A300AEA410 /* users.xcdatamodeld in Sources */,
				BB97A7E11E8BE4E300A10CBA /* ClientTableViewController.m in Sources */,
				BB4D819B1E89A3B900E7D060 /* SBJsonStreamParserAccumulator.m in Sources */,
				BB10543A1E8545C400AEA410 /* users.swift in Sources */,
				BB57B89A1E92590C002C4BC7 /* SearchResultsViewController.m in Sources */,
				BB10540A1E85421600AEA410 /* ViewController.m in Sources */,
				BB4D81A01E89A3B900E7D060 /* SBJsonStreamWriterState.m in Sources */,
				BB4D819E1E89A3B900E7D060 /* SBJsonStreamWriter.m in Sources */,
				BB4D819F1E89A3B900E7D060 /* SBJsonStreamWriterAccumulator.m in Sources */,
				BBCB710B1E90C9F5007DA0E6 /* AgentDetailTableViewController.m in Sources */,
				BB1054071E85421600AEA410 /* AppDelegate.m in Sources */,
				BBF9084B1E93221E00F71325 /* AwardDetailsTableViewController.m in Sources */,
				BB4D81A11E89A3B900E7D060 /* SBJsonTokeniser.m in Sources */,
				BBF908451E93216E00F71325 /* AidTypeDetailTableViewController.m in Sources */,
				BB4D81981E89A3B900E7D060 /* NSObject+SBJson.m in Sources */,
				BBCB710E1E9128D6007DA0E6 /* ClientDetailTableViewController.m in Sources */,
				BB97A7DE1E8B6C5400A10CBA /* TableViewController.m in Sources */,
				BBF9083F1E93209500F71325 /* AidRequestDetailTableViewController.m in Sources */,
				BBCB71081E902B0C007DA0E6 /* SVProgressHUD.m in Sources */,
				BB97A8281E8DFC7C00A10CBA /* RegisterTableViewController.m in Sources */,
				BBCB71061E902B0C007DA0E6 /* SVIndefiniteAnimatedView.m in Sources */,
				BB1054041E85421600AEA410 /* main.m in Sources */,
				BB4D819A1E89A3B900E7D060 /* SBJsonStreamParser.m in Sources */,
				BB4D81A21E89A3B900E7D060 /* SBJsonUTF8Stream.m in Sources */,
				BB4D81A31E89A3B900E7D060 /* SBJsonWriter.m in Sources */,
				BBF908481E93220C00F71325 /* AwardsTableViewController.m in Sources */,
			);
			runOnlyForDeploymentPostprocessing = 0;
		};
		BB1054141E85421700AEA410 /* Sources */ = {
			isa = PBXSourcesBuildPhase;
			buildActionMask = 2147483647;
			files = (
				BB10541D1E85421700AEA410 /* HelpNowTests.m in Sources */,
			);
			runOnlyForDeploymentPostprocessing = 0;
		};
		BB10541F1E85421700AEA410 /* Sources */ = {
			isa = PBXSourcesBuildPhase;
			buildActionMask = 2147483647;
			files = (
				BB1054281E85421700AEA410 /* HelpNowUITests.m in Sources */,
			);
			runOnlyForDeploymentPostprocessing = 0;
		};
/* End PBXSourcesBuildPhase section */

/* Begin PBXTargetDependency section */
		BB10541A1E85421700AEA410 /* PBXTargetDependency */ = {
			isa = PBXTargetDependency;
			target = BB1053FE1E85421600AEA410 /* HelpNow */;
			targetProxy = BB1054191E85421700AEA410 /* PBXContainerItemProxy */;
		};
		BB1054251E85421700AEA410 /* PBXTargetDependency */ = {
			isa = PBXTargetDependency;
			target = BB1053FE1E85421600AEA410 /* HelpNow */;
			targetProxy = BB1054241E85421700AEA410 /* PBXContainerItemProxy */;
		};
/* End PBXTargetDependency section */

/* Begin PBXVariantGroup section */
		BB10540B1E85421600AEA410 /* Main.storyboard */ = {
			isa = PBXVariantGroup;
			children = (
				BB10540C1E85421600AEA410 /* Base */,
			);
			name = Main.storyboard;
			sourceTree = "<group>";
		};
		BB1054101E85421600AEA410 /* LaunchScreen.storyboard */ = {
			isa = PBXVariantGroup;
			children = (
				BB1054111E85421600AEA410 /* Base */,
			);
			name = LaunchScreen.storyboard;
			sourceTree = "<group>";
		};
/* End PBXVariantGroup section */

/* Begin XCBuildConfiguration section */
		BB10542A1E85421700AEA410 /* Debug */ = {
			isa = XCBuildConfiguration;
			buildSettings = {
				ALWAYS_SEARCH_USER_PATHS = NO;
				CLANG_ANALYZER_NONNULL = YES;
				CLANG_CXX_LANGUAGE_STANDARD = "gnu++0x";
				CLANG_CXX_LIBRARY = "libc++";
				CLANG_ENABLE_MODULES = YES;
				CLANG_ENABLE_OBJC_ARC = YES;
				CLANG_WARN_BOOL_CONVERSION = YES;
				CLANG_WARN_CONSTANT_CONVERSION = YES;
				CLANG_WARN_DIRECT_OBJC_ISA_USAGE = YES_ERROR;
				CLANG_WARN_DOCUMENTATION_COMMENTS = YES;
				CLANG_WARN_EMPTY_BODY = YES;
				CLANG_WARN_ENUM_CONVERSION = YES;
				CLANG_WARN_INFINITE_RECURSION = YES;
				CLANG_WARN_INT_CONVERSION = YES;
				CLANG_WARN_OBJC_ROOT_CLASS = YES_ERROR;
				CLANG_WARN_SUSPICIOUS_MOVE = YES;
				CLANG_WARN_UNREACHABLE_CODE = YES;
				CLANG_WARN__DUPLICATE_METHOD_MATCH = YES;
				"CODE_SIGN_IDENTITY[sdk=iphoneos*]" = "iPhone Developer";
				COPY_PHASE_STRIP = NO;
				DEBUG_INFORMATION_FORMAT = dwarf;
				ENABLE_STRICT_OBJC_MSGSEND = YES;
				ENABLE_TESTABILITY = YES;
				GCC_C_LANGUAGE_STANDARD = gnu99;
				GCC_DYNAMIC_NO_PIC = NO;
				GCC_NO_COMMON_BLOCKS = YES;
				GCC_OPTIMIZATION_LEVEL = 0;
				GCC_PREPROCESSOR_DEFINITIONS = (
					"DEBUG=1",
					"$(inherited)",
				);
				GCC_WARN_64_TO_32_BIT_CONVERSION = YES;
				GCC_WARN_ABOUT_RETURN_TYPE = YES_ERROR;
				GCC_WARN_UNDECLARED_SELECTOR = YES;
				GCC_WARN_UNINITIALIZED_AUTOS = YES_AGGRESSIVE;
				GCC_WARN_UNUSED_FUNCTION = YES;
				GCC_WARN_UNUSED_VARIABLE = YES;
				IPHONEOS_DEPLOYMENT_TARGET = 8.0;
				MTL_ENABLE_DEBUG_INFO = YES;
				ONLY_ACTIVE_ARCH = YES;
				SDKROOT = iphoneos;
				TARGETED_DEVICE_FAMILY = "1,2";
			};
			name = Debug;
		};
		BB10542B1E85421700AEA410 /* Release */ = {
			isa = XCBuildConfiguration;
			buildSettings = {
				ALWAYS_SEARCH_USER_PATHS = NO;
				CLANG_ANALYZER_NONNULL = YES;
				CLANG_CXX_LANGUAGE_STANDARD = "gnu++0x";
				CLANG_CXX_LIBRARY = "libc++";
				CLANG_ENABLE_MODULES = YES;
				CLANG_ENABLE_OBJC_ARC = YES;
				CLANG_WARN_BOOL_CONVERSION = YES;
				CLANG_WARN_CONSTANT_CONVERSION = YES;
				CLANG_WARN_DIRECT_OBJC_ISA_USAGE = YES_ERROR;
				CLANG_WARN_DOCUMENTATION_COMMENTS = YES;
				CLANG_WARN_EMPTY_BODY = YES;
				CLANG_WARN_ENUM_CONVERSION = YES;
				CLANG_WARN_INFINITE_RECURSION = YES;
				CLANG_WARN_INT_CONVERSION = YES;
				CLANG_WARN_OBJC_ROOT_CLASS = YES_ERROR;
				CLANG_WARN_SUSPICIOUS_MOVE = YES;
				CLANG_WARN_UNREACHABLE_CODE = YES;
				CLANG_WARN__DUPLICATE_METHOD_MATCH = YES;
				"CODE_SIGN_IDENTITY[sdk=iphoneos*]" = "iPhone Developer";
				COPY_PHASE_STRIP = NO;
				DEBUG_INFORMATION_FORMAT = "dwarf-with-dsym";
				ENABLE_NS_ASSERTIONS = NO;
				ENABLE_STRICT_OBJC_MSGSEND = YES;
				GCC_C_LANGUAGE_STANDARD = gnu99;
				GCC_NO_COMMON_BLOCKS = YES;
				GCC_WARN_64_TO_32_BIT_CONVERSION = YES;
				GCC_WARN_ABOUT_RETURN_TYPE = YES_ERROR;
				GCC_WARN_UNDECLARED_SELECTOR = YES;
				GCC_WARN_UNINITIALIZED_AUTOS = YES_AGGRESSIVE;
				GCC_WARN_UNUSED_FUNCTION = YES;
				GCC_WARN_UNUSED_VARIABLE = YES;
				IPHONEOS_DEPLOYMENT_TARGET = 8.0;
				MTL_ENABLE_DEBUG_INFO = NO;
				SDKROOT = iphoneos;
				TARGETED_DEVICE_FAMILY = "1,2";
				VALIDATE_PRODUCT = YES;
			};
			name = Release;
		};
		BB10542D1E85421700AEA410 /* Debug */ = {
			isa = XCBuildConfiguration;
			buildSettings = {
				ASSETCATALOG_COMPILER_APPICON_NAME = AppIcon;
				ASSETCATALOG_COMPILER_LAUNCHIMAGE_NAME = LaunchImage;
				CLANG_ENABLE_MODULES = YES;
				DEVELOPMENT_TEAM = 768AR94GBN;
				INFOPLIST_FILE = HelpNow/Info.plist;
				IPHONEOS_DEPLOYMENT_TARGET = 10.2;
				LD_RUNPATH_SEARCH_PATHS = "$(inherited) @executable_path/Frameworks";
				PRODUCT_BUNDLE_IDENTIFIER = com.4teensinc.HelpNow;
				PRODUCT_NAME = "$(TARGET_NAME)";
				SWIFT_OBJC_BRIDGING_HEADER = "HelpNow/HelpNow-Bridging-Header.h";
				SWIFT_OPTIMIZATION_LEVEL = "-Onone";
				SWIFT_VERSION = 3.0;
			};
			name = Debug;
		};
		BB10542E1E85421700AEA410 /* Release */ = {
			isa = XCBuildConfiguration;
			buildSettings = {
				ASSETCATALOG_COMPILER_APPICON_NAME = AppIcon;
				ASSETCATALOG_COMPILER_LAUNCHIMAGE_NAME = LaunchImage;
				CLANG_ENABLE_MODULES = YES;
				DEVELOPMENT_TEAM = 768AR94GBN;
				INFOPLIST_FILE = HelpNow/Info.plist;
				IPHONEOS_DEPLOYMENT_TARGET = 10.2;
				LD_RUNPATH_SEARCH_PATHS = "$(inherited) @executable_path/Frameworks";
				PRODUCT_BUNDLE_IDENTIFIER = com.4teensinc.HelpNow;
				PRODUCT_NAME = "$(TARGET_NAME)";
				SWIFT_OBJC_BRIDGING_HEADER = "HelpNow/HelpNow-Bridging-Header.h";
				SWIFT_VERSION = 3.0;
			};
			name = Release;
		};
		BB1054301E85421700AEA410 /* Debug */ = {
			isa = XCBuildConfiguration;
			buildSettings = {
				ALWAYS_EMBED_SWIFT_STANDARD_LIBRARIES = YES;
				BUNDLE_LOADER = "$(TEST_HOST)";
				DEVELOPMENT_TEAM = 768AR94GBN;
				INFOPLIST_FILE = HelpNowTests/Info.plist;
				LD_RUNPATH_SEARCH_PATHS = "$(inherited) @executable_path/Frameworks @loader_path/Frameworks";
				PRODUCT_BUNDLE_IDENTIFIER = com.4teensinc.HelpNowTests;
				PRODUCT_NAME = "$(TARGET_NAME)";
				TEST_HOST = "$(BUILT_PRODUCTS_DIR)/HelpNow.app/HelpNow";
			};
			name = Debug;
		};
		BB1054311E85421700AEA410 /* Release */ = {
			isa = XCBuildConfiguration;
			buildSettings = {
				ALWAYS_EMBED_SWIFT_STANDARD_LIBRARIES = YES;
				BUNDLE_LOADER = "$(TEST_HOST)";
				DEVELOPMENT_TEAM = 768AR94GBN;
				INFOPLIST_FILE = HelpNowTests/Info.plist;
				LD_RUNPATH_SEARCH_PATHS = "$(inherited) @executable_path/Frameworks @loader_path/Frameworks";
				PRODUCT_BUNDLE_IDENTIFIER = com.4teensinc.HelpNowTests;
				PRODUCT_NAME = "$(TARGET_NAME)";
				TEST_HOST = "$(BUILT_PRODUCTS_DIR)/HelpNow.app/HelpNow";
			};
			name = Release;
		};
		BB1054331E85421700AEA410 /* Debug */ = {
			isa = XCBuildConfiguration;
			buildSettings = {
				ALWAYS_EMBED_SWIFT_STANDARD_LIBRARIES = YES;
				DEVELOPMENT_TEAM = 768AR94GBN;
				INFOPLIST_FILE = HelpNowUITests/Info.plist;
				LD_RUNPATH_SEARCH_PATHS = "$(inherited) @executable_path/Frameworks @loader_path/Frameworks";
				PRODUCT_BUNDLE_IDENTIFIER = com.4teensinc.HelpNowUITests;
				PRODUCT_NAME = "$(TARGET_NAME)";
				TEST_TARGET_NAME = HelpNow;
			};
			name = Debug;
		};
		BB1054341E85421700AEA410 /* Release */ = {
			isa = XCBuildConfiguration;
			buildSettings = {
				ALWAYS_EMBED_SWIFT_STANDARD_LIBRARIES = YES;
				DEVELOPMENT_TEAM = 768AR94GBN;
				INFOPLIST_FILE = HelpNowUITests/Info.plist;
				LD_RUNPATH_SEARCH_PATHS = "$(inherited) @executable_path/Frameworks @loader_path/Frameworks";
				PRODUCT_BUNDLE_IDENTIFIER = com.4teensinc.HelpNowUITests;
				PRODUCT_NAME = "$(TARGET_NAME)";
				TEST_TARGET_NAME = HelpNow;
			};
			name = Release;
		};
/* End XCBuildConfiguration section */

/* Begin XCConfigurationList section */
		BB1053FA1E85421600AEA410 /* Build configuration list for PBXProject "HelpNow" */ = {
			isa = XCConfigurationList;
			buildConfigurations = (
				BB10542A1E85421700AEA410 /* Debug */,
				BB10542B1E85421700AEA410 /* Release */,
			);
			defaultConfigurationIsVisible = 0;
			defaultConfigurationName = Release;
		};
		BB10542C1E85421700AEA410 /* Build configuration list for PBXNativeTarget "HelpNow" */ = {
			isa = XCConfigurationList;
			buildConfigurations = (
				BB10542D1E85421700AEA410 /* Debug */,
				BB10542E1E85421700AEA410 /* Release */,
			);
			defaultConfigurationIsVisible = 0;
			defaultConfigurationName = Release;
		};
		BB10542F1E85421700AEA410 /* Build configuration list for PBXNativeTarget "HelpNowTests" */ = {
			isa = XCConfigurationList;
			buildConfigurations = (
				BB1054301E85421700AEA410 /* Debug */,
				BB1054311E85421700AEA410 /* Release */,
			);
			defaultConfigurationIsVisible = 0;
			defaultConfigurationName = Release;
		};
		BB1054321E85421700AEA410 /* Build configuration list for PBXNativeTarget "HelpNowUITests" */ = {
			isa = XCConfigurationList;
			buildConfigurations = (
				BB1054331E85421700AEA410 /* Debug */,
				BB1054341E85421700AEA410 /* Release */,
			);
			defaultConfigurationIsVisible = 0;
			defaultConfigurationName = Release;
		};
/* End XCConfigurationList section */

/* Begin XCVersionGroup section */
		BB1054351E8544A300AEA410 /* users.xcdatamodeld */ = {
			isa = XCVersionGroup;
			children = (
				BB1054361E8544A300AEA410 /* users.xcdatamodel */,
			);
			currentVersion = BB1054361E8544A300AEA410 /* users.xcdatamodel */;
			path = users.xcdatamodeld;
			sourceTree = "<group>";
			versionGroupType = wrapper.xcdatamodel;
		};
/* End XCVersionGroup section */
	};
	rootObject = BB1053F71E85421600AEA410 /* Project object */;
}
