// !$*UTF8*$!
{
	archiveVersion = 1;
	classes = {
	};
	objectVersion = 46;
	objects = {

/* Begin PBXBuildFile section */
		BB1054041E85421600AEA410 /* main.m in Sources */ = {isa = PBXBuildFile; fileRef = BB1054031E85421600AEA410 /* main.m */; };
		BB1054071E85421600AEA410 /* AppDelegate.m in Sources */ = {isa = PBXBuildFile; fileRef = BB1054061E85421600AEA410 /* AppDelegate.m */; };
		BB10540A1E85421600AEA410 /* ViewController.m in Sources */ = {isa = PBXBuildFile; fileRef = BB1054091E85421600AEA410 /* ViewController.m */; };
		BB10540D1E85421600AEA410 /* Main.storyboard in Resources */ = {isa = PBXBuildFile; fileRef = BB10540B1E85421600AEA410 /* Main.storyboard */; };
		BB10540F1E85421600AEA410 /* Assets.xcassets in Resources */ = {isa = PBXBuildFile; fileRef = BB10540E1E85421600AEA410 /* Assets.xcassets */; };
		BB1054121E85421600AEA410 /* LaunchScreen.storyboard in Resources */ = {isa = PBXBuildFile; fileRef = BB1054101E85421600AEA410 /* LaunchScreen.storyboard */; };
		BB10541D1E85421700AEA410 /* HelpNowTests.m in Sources */ = {isa = PBXBuildFile; fileRef = BB10541C1E85421700AEA410 /* HelpNowTests.m */; };
		BB1054281E85421700AEA410 /* HelpNowUITests.m in Sources */ = {isa = PBXBuildFile; fileRef = BB1054271E85421700AEA410 /* HelpNowUITests.m */; };
/* End PBXBuildFile section */

/* Begin PBXContainerItemProxy section */
		BB1054191E85421700AEA410 /* PBXContainerItemProxy */ = {
			isa = PBXContainerItemProxy;
			containerPortal = BB1053F71E85421600AEA410 /* Project object */;
			proxyType = 1;
			remoteGlobalIDString = BB1053FE1E85421600AEA410;
			remoteInfo = HelpNow;
		};
		BB1054241E85421700AEA410 /* PBXContainerItemProxy */ = {
			isa = PBXContainerItemProxy;
			containerPortal = BB1053F71E85421600AEA410 /* Project object */;
			proxyType = 1;
			remoteGlobalIDString = BB1053FE1E85421600AEA410;
			remoteInfo = HelpNow;
		};
/* End PBXContainerItemProxy section */

/* Begin PBXFileReference section */
		BB1053FF1E85421600AEA410 /* HelpNow.app */ = {isa = PBXFileReference; explicitFileType = wrapper.application; includeInIndex = 0; path = HelpNow.app; sourceTree = BUILT_PRODUCTS_DIR; };
		BB1054031E85421600AEA410 /* main.m */ = {isa = PBXFileReference; lastKnownFileType = sourcecode.c.objc; path = main.m; sourceTree = "<group>"; };
		BB1054051E85421600AEA410 /* AppDelegate.h */ = {isa = PBXFileReference; lastKnownFileType = sourcecode.c.h; path = AppDelegate.h; sourceTree = "<group>"; };
		BB1054061E85421600AEA410 /* AppDelegate.m */ = {isa = PBXFileReference; lastKnownFileType = sourcecode.c.objc; path = AppDelegate.m; sourceTree = "<group>"; };
		BB1054081E85421600AEA410 /* ViewController.h */ = {isa = PBXFileReference; lastKnownFileType = sourcecode.c.h; path = ViewController.h; sourceTree = "<group>"; };
		BB1054091E85421600AEA410 /* ViewController.m */ = {isa = PBXFileReference; lastKnownFileType = sourcecode.c.objc; path = ViewController.m; sourceTree = "<group>"; };
		BB10540C1E85421600AEA410 /* Base */ = {isa = PBXFileReference; lastKnownFileType = file.storyboard; name = Base; path = Base.lproj/Main.storyboard; sourceTree = "<group>"; };
		BB10540E1E85421600AEA410 /* Assets.xcassets */ = {isa = PBXFileReference; lastKnownFileType = folder.assetcatalog; path = Assets.xcassets; sourceTree = "<group>"; };
		BB1054111E85421600AEA410 /* Base */ = {isa = PBXFileReference; lastKnownFileType = file.storyboard; name = Base; path = Base.lproj/LaunchScreen.storyboard; sourceTree = "<group>"; };
		BB1054131E85421600AEA410 /* Info.plist */ = {isa = PBXFileReference; lastKnownFileType = text.plist.xml; path = Info.plist; sourceTree = "<group>"; };
		BB1054181E85421700AEA410 /* HelpNowTests.xctest */ = {isa = PBXFileReference; explicitFileType = wrapper.cfbundle; includeInIndex = 0; path = HelpNowTests.xctest; sourceTree = BUILT_PRODUCTS_DIR; };
		BB10541C1E85421700AEA410 /* HelpNowTests.m */ = {isa = PBXFileReference; lastKnownFileType = sourcecode.c.objc; path = HelpNowTests.m; sourceTree = "<group>"; };
		BB10541E1E85421700AEA410 /* Info.plist */ = {isa = PBXFileReference; lastKnownFileType = text.plist.xml; path = Info.plist; sourceTree = "<group>"; };
		BB1054231E85421700AEA410 /* HelpNowUITests.xctest */ = {isa = PBXFileReference; explicitFileType = wrapper.cfbundle; includeInIndex = 0; path = HelpNowUITests.xctest; sourceTree = BUILT_PRODUCTS_DIR; };
		BB1054271E85421700AEA410 /* HelpNowUITests.m */ = {isa = PBXFileReference; lastKnownFileType = sourcecode.c.objc; path = HelpNowUITests.m; sourceTree = "<group>"; };
		BB1054291E85421700AEA410 /* Info.plist */ = {isa = PBXFileReference; lastKnownFileType = text.plist.xml; path = Info.plist; sourceTree = "<group>"; };
/* End PBXFileReference section */

/* Begin PBXFrameworksBuildPhase section */
		BB1053FC1E85421600AEA410 /* Frameworks */ = {
			isa = PBXFrameworksBuildPhase;
			buildActionMask = 2147483647;
			files = (
			);
			runOnlyForDeploymentPostprocessing = 0;
		};
		BB1054151E85421700AEA410 /* Frameworks */ = {
			isa = PBXFrameworksBuildPhase;
			buildActionMask = 2147483647;
			files = (
			);
			runOnlyForDeploymentPostprocessing = 0;
		};
		BB1054201E85421700AEA410 /* Frameworks */ = {
			isa = PBXFrameworksBuildPhase;
			buildActionMask = 2147483647;
			files = (
			);
			runOnlyForDeploymentPostprocessing = 0;
		};
/* End PBXFrameworksBuildPhase section */

/* Begin PBXGroup section */
		BB1053F61E85421600AEA410 = {
			isa = PBXGroup;
			children = (
				BB1054011E85421600AEA410 /* HelpNow */,
				BB10541B1E85421700AEA410 /* HelpNowTests */,
				BB1054261E85421700AEA410 /* HelpNowUITests */,
				BB1054001E85421600AEA410 /* Products */,
			);
			sourceTree = "<group>";
		};
		BB1054001E85421600AEA410 /* Products */ = {
			isa = PBXGroup;
			children = (
				BB1053FF1E85421600AEA410 /* HelpNow.app */,
				BB1054181E85421700AEA410 /* HelpNowTests.xctest */,
				BB1054231E85421700AEA410 /* HelpNowUITests.xctest */,
			);
			name = Products;
			sourceTree = "<group>";
		};
		BB1054011E85421600AEA410 /* HelpNow */ = {
			isa = PBXGroup;
			children = (
				BB1054051E85421600AEA410 /* AppDelegate.h */,
				BB1054061E85421600AEA410 /* AppDelegate.m */,
				BB1054081E85421600AEA410 /* ViewController.h */,
				BB1054091E85421600AEA410 /* ViewController.m */,
				BB10540B1E85421600AEA410 /* Main.storyboard */,
				BB10540E1E85421600AEA410 /* Assets.xcassets */,
				BB1054101E85421600AEA410 /* LaunchScreen.storyboard */,
				BB1054131E85421600AEA410 /* Info.plist */,
				BB1054021E85421600AEA410 /* Supporting Files */,
			);
			path = HelpNow;
			sourceTree = "<group>";
		};
		BB1054021E85421600AEA410 /* Supporting Files */ = {
			isa = PBXGroup;
			children = (
				BB1054031E85421600AEA410 /* main.m */,
			);
			name = "Supporting Files";
			sourceTree = "<group>";
		};
		BB10541B1E85421700AEA410 /* HelpNowTests */ = {
			isa = PBXGroup;
			children = (
				BB10541C1E85421700AEA410 /* HelpNowTests.m */,
				BB10541E1E85421700AEA410 /* Info.plist */,
			);
			path = HelpNowTests;
			sourceTree = "<group>";
		};
		BB1054261E85421700AEA410 /* HelpNowUITests */ = {
			isa = PBXGroup;
			children = (
				BB1054271E85421700AEA410 /* HelpNowUITests.m */,
				BB1054291E85421700AEA410 /* Info.plist */,
			);
			path = HelpNowUITests;
			sourceTree = "<group>";
		};
/* End PBXGroup section */

/* Begin PBXNativeTarget section */
		BB1053FE1E85421600AEA410 /* HelpNow */ = {
			isa = PBXNativeTarget;
			buildConfigurationList = BB10542C1E85421700AEA410 /* Build configuration list for PBXNativeTarget "HelpNow" */;
			buildPhases = (
				BB1053FB1E85421600AEA410 /* Sources */,
				BB1053FC1E85421600AEA410 /* Frameworks */,
				BB1053FD1E85421600AEA410 /* Resources */,
			);
			buildRules = (
			);
			dependencies = (
			);
			name = HelpNow;
			productName = HelpNow;
			productReference = BB1053FF1E85421600AEA410 /* HelpNow.app */;
			productType = "com.apple.product-type.application";
		};
		BB1054171E85421700AEA410 /* HelpNowTests */ = {
			isa = PBXNativeTarget;
			buildConfigurationList = BB10542F1E85421700AEA410 /* Build configuration list for PBXNativeTarget "HelpNowTests" */;
			buildPhases = (
				BB1054141E85421700AEA410 /* Sources */,
				BB1054151E85421700AEA410 /* Frameworks */,
				BB1054161E85421700AEA410 /* Resources */,
			);
			buildRules = (
			);
			dependencies = (
				BB10541A1E85421700AEA410 /* PBXTargetDependency */,
			);
			name = HelpNowTests;
			productName = HelpNowTests;
			productReference = BB1054181E85421700AEA410 /* HelpNowTests.xctest */;
			productType = "com.apple.product-type.bundle.unit-test";
		};
		BB1054221E85421700AEA410 /* HelpNowUITests */ = {
			isa = PBXNativeTarget;
			buildConfigurationList = BB1054321E85421700AEA410 /* Build configuration list for PBXNativeTarget "HelpNowUITests" */;
			buildPhases = (
				BB10541F1E85421700AEA410 /* Sources */,
				BB1054201E85421700AEA410 /* Frameworks */,
				BB1054211E85421700AEA410 /* Resources */,
			);
			buildRules = (
			);
			dependencies = (
				BB1054251E85421700AEA410 /* PBXTargetDependency */,
			);
			name = HelpNowUITests;
			productName = HelpNowUITests;
			productReference = BB1054231E85421700AEA410 /* HelpNowUITests.xctest */;
			productType = "com.apple.product-type.bundle.ui-testing";
		};
/* End PBXNativeTarget section */

/* Begin PBXProject section */
		BB1053F71E85421600AEA410 /* Project object */ = {
			isa = PBXProject;
			attributes = {
				LastUpgradeCheck = 0820;
				ORGANIZATIONNAME = "Robert Klouda";
				TargetAttributes = {
					BB1053FE1E85421600AEA410 = {
						CreatedOnToolsVersion = 8.2.1;
						DevelopmentTeam = 768AR94GBN;
						ProvisioningStyle = Automatic;
					};
					BB1054171E85421700AEA410 = {
						CreatedOnToolsVersion = 8.2.1;
						DevelopmentTeam = 768AR94GBN;
						ProvisioningStyle = Automatic;
						TestTargetID = BB1053FE1E85421600AEA410;
					};
					BB1054221E85421700AEA410 = {
						CreatedOnToolsVersion = 8.2.1;
						DevelopmentTeam = 768AR94GBN;
						ProvisioningStyle = Automatic;
						TestTargetID = BB1053FE1E85421600AEA410;
					};
				};
			};
			buildConfigurationList = BB1053FA1E85421600AEA410 /* Build configuration list for PBXProject "HelpNow" */;
			compatibilityVersion = "Xcode 3.2";
			developmentRegion = English;
			hasScannedForEncodings = 0;
			knownRegions = (
				en,
				Base,
			);
			mainGroup = BB1053F61E85421600AEA410;
			productRefGroup = BB1054001E85421600AEA410 /* Products */;
			projectDirPath = "";
			projectRoot = "";
			targets = (
				BB1053FE1E85421600AEA410 /* HelpNow */,
				BB1054171E85421700AEA410 /* HelpNowTests */,
				BB1054221E85421700AEA410 /* HelpNowUITests */,
			);
		};
/* End PBXProject section */

/* Begin PBXResourcesBuildPhase section */
		BB1053FD1E85421600AEA410 /* Resources */ = {
			isa = PBXResourcesBuildPhase;
			buildActionMask = 2147483647;
			files = (
				BB1054121E85421600AEA410 /* LaunchScreen.storyboard in Resources */,
				BB10540F1E85421600AEA410 /* Assets.xcassets in Resources */,
				BB10540D1E85421600AEA410 /* Main.storyboard in Resources */,
			);
			runOnlyForDeploymentPostprocessing = 0;
		};
		BB1054161E85421700AEA410 /* Resources */ = {
			isa = PBXResourcesBuildPhase;
			buildActionMask = 2147483647;
			files = (
			);
			runOnlyForDeploymentPostprocessing = 0;
		};
		BB1054211E85421700AEA410 /* Resources */ = {
			isa = PBXResourcesBuildPhase;
			buildActionMask = 2147483647;
			files = (
			);
			runOnlyForDeploymentPostprocessing = 0;
		};
/* End PBXResourcesBuildPhase section */

/* Begin PBXSourcesBuildPhase section */
		BB1053FB1E85421600AEA410 /* Sources */ = {
			isa = PBXSourcesBuildPhase;
			buildActionMask = 2147483647;
			files = (
				BB10540A1E85421600AEA410 /* ViewController.m in Sources */,
				BB1054071E85421600AEA410 /* AppDelegate.m in Sources */,
				BB1054041E85421600AEA410 /* main.m in Sources */,
			);
			runOnlyForDeploymentPostprocessing = 0;
		};
		BB1054141E85421700AEA410 /* Sources */ = {
			isa = PBXSourcesBuildPhase;
			buildActionMask = 2147483647;
			files = (
				BB10541D1E85421700AEA410 /* HelpNowTests.m in Sources */,
			);
			runOnlyForDeploymentPostprocessing = 0;
		};
		BB10541F1E85421700AEA410 /* Sources */ = {
			isa = PBXSourcesBuildPhase;
			buildActionMask = 2147483647;
			files = (
				BB1054281E85421700AEA410 /* HelpNowUITests.m in Sources */,
			);
			runOnlyForDeploymentPostprocessing = 0;
		};
/* End PBXSourcesBuildPhase section */

/* Begin PBXTargetDependency section */
		BB10541A1E85421700AEA410 /* PBXTargetDependency */ = {
			isa = PBXTargetDependency;
			target = BB1053FE1E85421600AEA410 /* HelpNow */;
			targetProxy = BB1054191E85421700AEA410 /* PBXContainerItemProxy */;
		};
		BB1054251E85421700AEA410 /* PBXTargetDependency */ = {
			isa = PBXTargetDependency;
			target = BB1053FE1E85421600AEA410 /* HelpNow */;
			targetProxy = BB1054241E85421700AEA410 /* PBXContainerItemProxy */;
		};
/* End PBXTargetDependency section */

/* Begin PBXVariantGroup section */
		BB10540B1E85421600AEA410 /* Main.storyboard */ = {
			isa = PBXVariantGroup;
			children = (
				BB10540C1E85421600AEA410 /* Base */,
			);
			name = Main.storyboard;
			sourceTree = "<group>";
		};
		BB1054101E85421600AEA410 /* LaunchScreen.storyboard */ = {
			isa = PBXVariantGroup;
			children = (
				BB1054111E85421600AEA410 /* Base */,
			);
			name = LaunchScreen.storyboard;
			sourceTree = "<group>";
		};
/* End PBXVariantGroup section */

/* Begin XCBuildConfiguration section */
		BB10542A1E85421700AEA410 /* Debug */ = {
			isa = XCBuildConfiguration;
			buildSettings = {
				ALWAYS_SEARCH_USER_PATHS = NO;
				CLANG_ANALYZER_NONNULL = YES;
				CLANG_CXX_LANGUAGE_STANDARD = "gnu++0x";
				CLANG_CXX_LIBRARY = "libc++";
				CLANG_ENABLE_MODULES = YES;
				CLANG_ENABLE_OBJC_ARC = YES;
				CLANG_WARN_BOOL_CONVERSION = YES;
				CLANG_WARN_CONSTANT_CONVERSION = YES;
				CLANG_WARN_DIRECT_OBJC_ISA_USAGE = YES_ERROR;
				CLANG_WARN_DOCUMENTATION_COMMENTS = YES;
				CLANG_WARN_EMPTY_BODY = YES;
				CLANG_WARN_ENUM_CONVERSION = YES;
				CLANG_WARN_INFINITE_RECURSION = YES;
				CLANG_WARN_INT_CONVERSION = YES;
				CLANG_WARN_OBJC_ROOT_CLASS = YES_ERROR;
				CLANG_WARN_SUSPICIOUS_MOVE = YES;
				CLANG_WARN_UNREACHABLE_CODE = YES;
				CLANG_WARN__DUPLICATE_METHOD_MATCH = YES;
				"CODE_SIGN_IDENTITY[sdk=iphoneos*]" = "iPhone Developer";
				COPY_PHASE_STRIP = NO;
				DEBUG_INFORMATION_FORMAT = dwarf;
				ENABLE_STRICT_OBJC_MSGSEND = YES;
				ENABLE_TESTABILITY = YES;
				GCC_C_LANGUAGE_STANDARD = gnu99;
				GCC_DYNAMIC_NO_PIC = NO;
				GCC_NO_COMMON_BLOCKS = YES;
				GCC_OPTIMIZATION_LEVEL = 0;
				GCC_PREPROCESSOR_DEFINITIONS = (
					"DEBUG=1",
					"$(inherited)",
				);
				GCC_WARN_64_TO_32_BIT_CONVERSION = YES;
				GCC_WARN_ABOUT_RETURN_TYPE = YES_ERROR;
				GCC_WARN_UNDECLARED_SELECTOR = YES;
				GCC_WARN_UNINITIALIZED_AUTOS = YES_AGGRESSIVE;
				GCC_WARN_UNUSED_FUNCTION = YES;
				GCC_WARN_UNUSED_VARIABLE = YES;
				IPHONEOS_DEPLOYMENT_TARGET = 10.2;
				MTL_ENABLE_DEBUG_INFO = YES;
				ONLY_ACTIVE_ARCH = YES;
				SDKROOT = iphoneos;
				TARGETED_DEVICE_FAMILY = "1,2";
			};
			name = Debug;
		};
		BB10542B1E85421700AEA410 /* Release */ = {
			isa = XCBuildConfiguration;
			buildSettings = {
				ALWAYS_SEARCH_USER_PATHS = NO;
				CLANG_ANALYZER_NONNULL = YES;
				CLANG_CXX_LANGUAGE_STANDARD = "gnu++0x";
				CLANG_CXX_LIBRARY = "libc++";
				CLANG_ENABLE_MODULES = YES;
				CLANG_ENABLE_OBJC_ARC = YES;
				CLANG_WARN_BOOL_CONVERSION = YES;
				CLANG_WARN_CONSTANT_CONVERSION = YES;
				CLANG_WARN_DIRECT_OBJC_ISA_USAGE = YES_ERROR;
				CLANG_WARN_DOCUMENTATION_COMMENTS = YES;
				CLANG_WARN_EMPTY_BODY = YES;
				CLANG_WARN_ENUM_CONVERSION = YES;
				CLANG_WARN_INFINITE_RECURSION = YES;
				CLANG_WARN_INT_CONVERSION = YES;
				CLANG_WARN_OBJC_ROOT_CLASS = YES_ERROR;
				CLANG_WARN_SUSPICIOUS_MOVE = YES;
				CLANG_WARN_UNREACHABLE_CODE = YES;
				CLANG_WARN__DUPLICATE_METHOD_MATCH = YES;
				"CODE_SIGN_IDENTITY[sdk=iphoneos*]" = "iPhone Developer";
				COPY_PHASE_STRIP = NO;
				DEBUG_INFORMATION_FORMAT = "dwarf-with-dsym";
				ENABLE_NS_ASSERTIONS = NO;
				ENABLE_STRICT_OBJC_MSGSEND = YES;
				GCC_C_LANGUAGE_STANDARD = gnu99;
				GCC_NO_COMMON_BLOCKS = YES;
				GCC_WARN_64_TO_32_BIT_CONVERSION = YES;
				GCC_WARN_ABOUT_RETURN_TYPE = YES_ERROR;
				GCC_WARN_UNDECLARED_SELECTOR = YES;
				GCC_WARN_UNINITIALIZED_AUTOS = YES_AGGRESSIVE;
				GCC_WARN_UNUSED_FUNCTION = YES;
				GCC_WARN_UNUSED_VARIABLE = YES;
				IPHONEOS_DEPLOYMENT_TARGET = 10.2;
				MTL_ENABLE_DEBUG_INFO = NO;
				SDKROOT = iphoneos;
				TARGETED_DEVICE_FAMILY = "1,2";
				VALIDATE_PRODUCT = YES;
			};
			name = Release;
		};
		BB10542D1E85421700AEA410 /* Debug */ = {
			isa = XCBuildConfiguration;
			buildSettings = {
				ASSETCATALOG_COMPILER_APPICON_NAME = AppIcon;
				DEVELOPMENT_TEAM = 768AR94GBN;
				INFOPLIST_FILE = HelpNow/Info.plist;
				LD_RUNPATH_SEARCH_PATHS = "$(inherited) @executable_path/Frameworks";
				PRODUCT_BUNDLE_IDENTIFIER = com.4teensinc.HelpNow;
				PRODUCT_NAME = "$(TARGET_NAME)";
			};
			name = Debug;
		};
		BB10542E1E85421700AEA410 /* Release */ = {
			isa = XCBuildConfiguration;
			buildSettings = {
				ASSETCATALOG_COMPILER_APPICON_NAME = AppIcon;
				DEVELOPMENT_TEAM = 768AR94GBN;
				INFOPLIST_FILE = HelpNow/Info.plist;
				LD_RUNPATH_SEARCH_PATHS = "$(inherited) @executable_path/Frameworks";
				PRODUCT_BUNDLE_IDENTIFIER = com.4teensinc.HelpNow;
				PRODUCT_NAME = "$(TARGET_NAME)";
			};
			name = Release;
		};
		BB1054301E85421700AEA410 /* Debug */ = {
			isa = XCBuildConfiguration;
			buildSettings = {
				BUNDLE_LOADER = "$(TEST_HOST)";
				DEVELOPMENT_TEAM = 768AR94GBN;
				INFOPLIST_FILE = HelpNowTests/Info.plist;
				LD_RUNPATH_SEARCH_PATHS = "$(inherited) @executable_path/Frameworks @loader_path/Frameworks";
				PRODUCT_BUNDLE_IDENTIFIER = com.4teensinc.HelpNowTests;
				PRODUCT_NAME = "$(TARGET_NAME)";
				TEST_HOST = "$(BUILT_PRODUCTS_DIR)/HelpNow.app/HelpNow";
			};
			name = Debug;
		};
		BB1054311E85421700AEA410 /* Release */ = {
			isa = XCBuildConfiguration;
			buildSettings = {
				BUNDLE_LOADER = "$(TEST_HOST)";
				DEVELOPMENT_TEAM = 768AR94GBN;
				INFOPLIST_FILE = HelpNowTests/Info.plist;
				LD_RUNPATH_SEARCH_PATHS = "$(inherited) @executable_path/Frameworks @loader_path/Frameworks";
				PRODUCT_BUNDLE_IDENTIFIER = com.4teensinc.HelpNowTests;
				PRODUCT_NAME = "$(TARGET_NAME)";
				TEST_HOST = "$(BUILT_PRODUCTS_DIR)/HelpNow.app/HelpNow";
			};
			name = Release;
		};
		BB1054331E85421700AEA410 /* Debug */ = {
			isa = XCBuildConfiguration;
			buildSettings = {
				DEVELOPMENT_TEAM = 768AR94GBN;
				INFOPLIST_FILE = HelpNowUITests/Info.plist;
				LD_RUNPATH_SEARCH_PATHS = "$(inherited) @executable_path/Frameworks @loader_path/Frameworks";
				PRODUCT_BUNDLE_IDENTIFIER = com.4teensinc.HelpNowUITests;
				PRODUCT_NAME = "$(TARGET_NAME)";
				TEST_TARGET_NAME = HelpNow;
			};
			name = Debug;
		};
		BB1054341E85421700AEA410 /* Release */ = {
			isa = XCBuildConfiguration;
			buildSettings = {
				DEVELOPMENT_TEAM = 768AR94GBN;
				INFOPLIST_FILE = HelpNowUITests/Info.plist;
				LD_RUNPATH_SEARCH_PATHS = "$(inherited) @executable_path/Frameworks @loader_path/Frameworks";
				PRODUCT_BUNDLE_IDENTIFIER = com.4teensinc.HelpNowUITests;
				PRODUCT_NAME = "$(TARGET_NAME)";
				TEST_TARGET_NAME = HelpNow;
			};
			name = Release;
		};
/* End XCBuildConfiguration section */

/* Begin XCConfigurationList section */
		BB1053FA1E85421600AEA410 /* Build configuration list for PBXProject "HelpNow" */ = {
			isa = XCConfigurationList;
			buildConfigurations = (
				BB10542A1E85421700AEA410 /* Debug */,
				BB10542B1E85421700AEA410 /* Release */,
			);
			defaultConfigurationIsVisible = 0;
			defaultConfigurationName = Release;
		};
		BB10542C1E85421700AEA410 /* Build configuration list for PBXNativeTarget "HelpNow" */ = {
			isa = XCConfigurationList;
			buildConfigurations = (
				BB10542D1E85421700AEA410 /* Debug */,
				BB10542E1E85421700AEA410 /* Release */,
			);
			defaultConfigurationIsVisible = 0;
		};
		BB10542F1E85421700AEA410 /* Build configuration list for PBXNativeTarget "HelpNowTests" */ = {
			isa = XCConfigurationList;
			buildConfigurations = (
				BB1054301E85421700AEA410 /* Debug */,
				BB1054311E85421700AEA410 /* Release */,
			);
			defaultConfigurationIsVisible = 0;
		};
		BB1054321E85421700AEA410 /* Build configuration list for PBXNativeTarget "HelpNowUITests" */ = {
			isa = XCConfigurationList;
			buildConfigurations = (
				BB1054331E85421700AEA410 /* Debug */,
				BB1054341E85421700AEA410 /* Release */,
			);
			defaultConfigurationIsVisible = 0;
		};
/* End XCConfigurationList section */
	};
	rootObject = BB1053F71E85421600AEA410 /* Project object */;
}
